// !$*UTF8*$!
{
	archiveVersion = 1;
	classes = {
	};
	objectVersion = 48;
	objects = {

/* Begin PBXBuildFile section */
		853544252069ECD000C4C70E /* libopencv_ximgproc.3.4.dylib in Frameworks */ = {isa = PBXBuildFile; fileRef = 853543A12069ECC500C4C70E /* libopencv_ximgproc.3.4.dylib */; };
		853544262069ECD000C4C70E /* libopencv_videostab.3.4.1.dylib in Frameworks */ = {isa = PBXBuildFile; fileRef = 853543A22069ECC500C4C70E /* libopencv_videostab.3.4.1.dylib */; };
		853544272069ECD000C4C70E /* libopencv_shape.3.4.dylib in Frameworks */ = {isa = PBXBuildFile; fileRef = 853543A32069ECC500C4C70E /* libopencv_shape.3.4.dylib */; };
		853544282069ECD000C4C70E /* libopencv_features2d.dylib in Frameworks */ = {isa = PBXBuildFile; fileRef = 853543A42069ECC500C4C70E /* libopencv_features2d.dylib */; };
		853544292069ECD000C4C70E /* libopencv_ccalib.3.4.1.dylib in Frameworks */ = {isa = PBXBuildFile; fileRef = 853543A52069ECC500C4C70E /* libopencv_ccalib.3.4.1.dylib */; };
		8535442A2069ECD000C4C70E /* libopencv_xfeatures2d.3.4.dylib in Frameworks */ = {isa = PBXBuildFile; fileRef = 853543A62069ECC500C4C70E /* libopencv_xfeatures2d.3.4.dylib */; };
		8535442B2069ECD000C4C70E /* libopencv_hfs.3.4.1.dylib in Frameworks */ = {isa = PBXBuildFile; fileRef = 853543A72069ECC500C4C70E /* libopencv_hfs.3.4.1.dylib */; };
		8535442C2069ECD000C4C70E /* libopencv_superres.3.4.dylib in Frameworks */ = {isa = PBXBuildFile; fileRef = 853543A82069ECC500C4C70E /* libopencv_superres.3.4.dylib */; };
		8535442D2069ECD000C4C70E /* libopencv_fuzzy.3.4.dylib in Frameworks */ = {isa = PBXBuildFile; fileRef = 853543A92069ECC500C4C70E /* libopencv_fuzzy.3.4.dylib */; };
		8535442E2069ECD000C4C70E /* libopencv_flann.dylib in Frameworks */ = {isa = PBXBuildFile; fileRef = 853543AA2069ECC500C4C70E /* libopencv_flann.dylib */; };
		8535442F2069ECD000C4C70E /* libopencv_video.3.4.1.dylib in Frameworks */ = {isa = PBXBuildFile; fileRef = 853543AB2069ECC500C4C70E /* libopencv_video.3.4.1.dylib */; };
		853544302069ECD000C4C70E /* libopencv_highgui.3.4.dylib in Frameworks */ = {isa = PBXBuildFile; fileRef = 853543AC2069ECC500C4C70E /* libopencv_highgui.3.4.dylib */; };
		853544312069ECD000C4C70E /* libopencv_features2d.3.4.1.dylib in Frameworks */ = {isa = PBXBuildFile; fileRef = 853543AD2069ECC500C4C70E /* libopencv_features2d.3.4.1.dylib */; };
		853544322069ECD000C4C70E /* libopencv_objdetect.3.4.dylib in Frameworks */ = {isa = PBXBuildFile; fileRef = 853543AE2069ECC500C4C70E /* libopencv_objdetect.3.4.dylib */; };
		853544332069ECD000C4C70E /* libopencv_face.dylib in Frameworks */ = {isa = PBXBuildFile; fileRef = 853543AF2069ECC500C4C70E /* libopencv_face.dylib */; };
		853544342069ECD000C4C70E /* libopencv_optflow.dylib in Frameworks */ = {isa = PBXBuildFile; fileRef = 853543B02069ECC500C4C70E /* libopencv_optflow.dylib */; };
		853544352069ECD000C4C70E /* libopencv_optflow.3.4.dylib in Frameworks */ = {isa = PBXBuildFile; fileRef = 853543B12069ECC500C4C70E /* libopencv_optflow.3.4.dylib */; };
		853544362069ECD000C4C70E /* libopencv_plot.3.4.dylib in Frameworks */ = {isa = PBXBuildFile; fileRef = 853543B22069ECC600C4C70E /* libopencv_plot.3.4.dylib */; };
		853544372069ECD000C4C70E /* libopencv_dnn_objdetect.dylib in Frameworks */ = {isa = PBXBuildFile; fileRef = 853543B32069ECC600C4C70E /* libopencv_dnn_objdetect.dylib */; };
		853544382069ECD000C4C70E /* libopencv_text.3.4.dylib in Frameworks */ = {isa = PBXBuildFile; fileRef = 853543B42069ECC600C4C70E /* libopencv_text.3.4.dylib */; };
		853544392069ECD000C4C70E /* libopencv_videoio.3.4.dylib in Frameworks */ = {isa = PBXBuildFile; fileRef = 853543B52069ECC600C4C70E /* libopencv_videoio.3.4.dylib */; };
		8535443A2069ECD000C4C70E /* libopencv_videostab.dylib in Frameworks */ = {isa = PBXBuildFile; fileRef = 853543B62069ECC600C4C70E /* libopencv_videostab.dylib */; };
		8535443B2069ECD000C4C70E /* libopencv_ml.3.4.1.dylib in Frameworks */ = {isa = PBXBuildFile; fileRef = 853543B72069ECC600C4C70E /* libopencv_ml.3.4.1.dylib */; };
		8535443C2069ECD000C4C70E /* libopencv_imgproc.dylib in Frameworks */ = {isa = PBXBuildFile; fileRef = 853543B82069ECC600C4C70E /* libopencv_imgproc.dylib */; };
		8535443D2069ECD000C4C70E /* libopencv_tracking.dylib in Frameworks */ = {isa = PBXBuildFile; fileRef = 853543B92069ECC600C4C70E /* libopencv_tracking.dylib */; };
		8535443E2069ECD000C4C70E /* libopencv_face.3.4.dylib in Frameworks */ = {isa = PBXBuildFile; fileRef = 853543BA2069ECC600C4C70E /* libopencv_face.3.4.dylib */; };
		8535443F2069ECD000C4C70E /* libopencv_superres.dylib in Frameworks */ = {isa = PBXBuildFile; fileRef = 853543BB2069ECC600C4C70E /* libopencv_superres.dylib */; };
		853544402069ECD000C4C70E /* libopencv_ml.3.4.dylib in Frameworks */ = {isa = PBXBuildFile; fileRef = 853543BC2069ECC600C4C70E /* libopencv_ml.3.4.dylib */; };
		853544412069ECD000C4C70E /* libopencv_tracking.3.4.dylib in Frameworks */ = {isa = PBXBuildFile; fileRef = 853543BD2069ECC700C4C70E /* libopencv_tracking.3.4.dylib */; };
		853544422069ECD000C4C70E /* libopencv_calib3d.3.4.1.dylib in Frameworks */ = {isa = PBXBuildFile; fileRef = 853543BE2069ECC700C4C70E /* libopencv_calib3d.3.4.1.dylib */; };
		853544432069ECD000C4C70E /* libopencv_surface_matching.3.4.dylib in Frameworks */ = {isa = PBXBuildFile; fileRef = 853543BF2069ECC700C4C70E /* libopencv_surface_matching.3.4.dylib */; };
		853544442069ECD000C4C70E /* libopencv_ximgproc.3.4.1.dylib in Frameworks */ = {isa = PBXBuildFile; fileRef = 853543C02069ECC700C4C70E /* libopencv_ximgproc.3.4.1.dylib */; };
		853544452069ECD000C4C70E /* libopencv_stitching.3.4.1.dylib in Frameworks */ = {isa = PBXBuildFile; fileRef = 853543C12069ECC700C4C70E /* libopencv_stitching.3.4.1.dylib */; };
		853544462069ECD000C4C70E /* libopencv_reg.3.4.1.dylib in Frameworks */ = {isa = PBXBuildFile; fileRef = 853543C22069ECC700C4C70E /* libopencv_reg.3.4.1.dylib */; };
		853544472069ECD000C4C70E /* libopencv_tracking.3.4.1.dylib in Frameworks */ = {isa = PBXBuildFile; fileRef = 853543C32069ECC700C4C70E /* libopencv_tracking.3.4.1.dylib */; };
		853544482069ECD000C4C70E /* libopencv_video.dylib in Frameworks */ = {isa = PBXBuildFile; fileRef = 853543C42069ECC700C4C70E /* libopencv_video.dylib */; };
		853544492069ECD000C4C70E /* libopencv_superres.3.4.1.dylib in Frameworks */ = {isa = PBXBuildFile; fileRef = 853543C52069ECC700C4C70E /* libopencv_superres.3.4.1.dylib */; };
		8535444A2069ECD000C4C70E /* libopencv_line_descriptor.3.4.1.dylib in Frameworks */ = {isa = PBXBuildFile; fileRef = 853543C62069ECC700C4C70E /* libopencv_line_descriptor.3.4.1.dylib */; };
		8535444B2069ECD000C4C70E /* libopencv_stereo.3.4.dylib in Frameworks */ = {isa = PBXBuildFile; fileRef = 853543C72069ECC700C4C70E /* libopencv_stereo.3.4.dylib */; };
		8535444C2069ECD000C4C70E /* libopencv_dnn.3.4.dylib in Frameworks */ = {isa = PBXBuildFile; fileRef = 853543C82069ECC700C4C70E /* libopencv_dnn.3.4.dylib */; };
		8535444D2069ECD000C4C70E /* libopencv_face.3.4.1.dylib in Frameworks */ = {isa = PBXBuildFile; fileRef = 853543C92069ECC800C4C70E /* libopencv_face.3.4.1.dylib */; };
		8535444E2069ECD000C4C70E /* libopencv_aruco.3.4.1.dylib in Frameworks */ = {isa = PBXBuildFile; fileRef = 853543CA2069ECC800C4C70E /* libopencv_aruco.3.4.1.dylib */; };
		8535444F2069ECD000C4C70E /* libopencv_dnn_objdetect.3.4.1.dylib in Frameworks */ = {isa = PBXBuildFile; fileRef = 853543CB2069ECC800C4C70E /* libopencv_dnn_objdetect.3.4.1.dylib */; };
		853544502069ECD000C4C70E /* libopencv_flann.3.4.1.dylib in Frameworks */ = {isa = PBXBuildFile; fileRef = 853543CC2069ECC800C4C70E /* libopencv_flann.3.4.1.dylib */; };
		853544512069ECD000C4C70E /* libopencv_objdetect.3.4.1.dylib in Frameworks */ = {isa = PBXBuildFile; fileRef = 853543CD2069ECC800C4C70E /* libopencv_objdetect.3.4.1.dylib */; };
		853544522069ECD000C4C70E /* libopencv_xphoto.3.4.dylib in Frameworks */ = {isa = PBXBuildFile; fileRef = 853543CE2069ECC800C4C70E /* libopencv_xphoto.3.4.dylib */; };
		853544532069ECD000C4C70E /* libopencv_calib3d.3.4.dylib in Frameworks */ = {isa = PBXBuildFile; fileRef = 853543CF2069ECC800C4C70E /* libopencv_calib3d.3.4.dylib */; };
		853544542069ECD000C4C70E /* libopencv_datasets.dylib in Frameworks */ = {isa = PBXBuildFile; fileRef = 853543D02069ECC800C4C70E /* libopencv_datasets.dylib */; };
		853544552069ECD000C4C70E /* libopencv_line_descriptor.3.4.dylib in Frameworks */ = {isa = PBXBuildFile; fileRef = 853543D12069ECC800C4C70E /* libopencv_line_descriptor.3.4.dylib */; };
		853544562069ECD000C4C70E /* libopencv_datasets.3.4.dylib in Frameworks */ = {isa = PBXBuildFile; fileRef = 853543D22069ECC800C4C70E /* libopencv_datasets.3.4.dylib */; };
		853544572069ECD000C4C70E /* libopencv_fuzzy.dylib in Frameworks */ = {isa = PBXBuildFile; fileRef = 853543D32069ECC800C4C70E /* libopencv_fuzzy.dylib */; };
		853544582069ECD000C4C70E /* libopencv_surface_matching.dylib in Frameworks */ = {isa = PBXBuildFile; fileRef = 853543D42069ECC800C4C70E /* libopencv_surface_matching.dylib */; };
		853544592069ECD000C4C70E /* libopencv_img_hash.dylib in Frameworks */ = {isa = PBXBuildFile; fileRef = 853543D52069ECC800C4C70E /* libopencv_img_hash.dylib */; };
		8535445A2069ECD000C4C70E /* libopencv_xobjdetect.3.4.1.dylib in Frameworks */ = {isa = PBXBuildFile; fileRef = 853543D62069ECC800C4C70E /* libopencv_xobjdetect.3.4.1.dylib */; };
		8535445B2069ECD000C4C70E /* libopencv_ccalib.3.4.dylib in Frameworks */ = {isa = PBXBuildFile; fileRef = 853543D72069ECC900C4C70E /* libopencv_ccalib.3.4.dylib */; };
		8535445C2069ECD000C4C70E /* libopencv_highgui.dylib in Frameworks */ = {isa = PBXBuildFile; fileRef = 853543D82069ECC900C4C70E /* libopencv_highgui.dylib */; };
		8535445D2069ECD000C4C70E /* libopencv_imgcodecs.3.4.dylib in Frameworks */ = {isa = PBXBuildFile; fileRef = 853543D92069ECC900C4C70E /* libopencv_imgcodecs.3.4.dylib */; };
		8535445E2069ECD000C4C70E /* libopencv_datasets.3.4.1.dylib in Frameworks */ = {isa = PBXBuildFile; fileRef = 853543DA2069ECC900C4C70E /* libopencv_datasets.3.4.1.dylib */; };
		8535445F2069ECD000C4C70E /* libopencv_videoio.dylib in Frameworks */ = {isa = PBXBuildFile; fileRef = 853543DB2069ECC900C4C70E /* libopencv_videoio.dylib */; };
		853544602069ECD000C4C70E /* libopencv_calib3d.dylib in Frameworks */ = {isa = PBXBuildFile; fileRef = 853543DC2069ECC900C4C70E /* libopencv_calib3d.dylib */; };
		853544612069ECD000C4C70E /* libopencv_text.dylib in Frameworks */ = {isa = PBXBuildFile; fileRef = 853543DD2069ECC900C4C70E /* libopencv_text.dylib */; };
		853544622069ECD000C4C70E /* libopencv_photo.3.4.1.dylib in Frameworks */ = {isa = PBXBuildFile; fileRef = 853543DE2069ECC900C4C70E /* libopencv_photo.3.4.1.dylib */; };
		853544632069ECD000C4C70E /* libopencv_reg.dylib in Frameworks */ = {isa = PBXBuildFile; fileRef = 853543DF2069ECC900C4C70E /* libopencv_reg.dylib */; };
		853544642069ECD000C4C70E /* libopencv_stitching.dylib in Frameworks */ = {isa = PBXBuildFile; fileRef = 853543E02069ECC900C4C70E /* libopencv_stitching.dylib */; };
		853544652069ECD000C4C70E /* libopencv_core.3.4.1.dylib in Frameworks */ = {isa = PBXBuildFile; fileRef = 853543E12069ECC900C4C70E /* libopencv_core.3.4.1.dylib */; };
		853544662069ECD000C4C70E /* libopencv_rgbd.3.4.dylib in Frameworks */ = {isa = PBXBuildFile; fileRef = 853543E22069ECC900C4C70E /* libopencv_rgbd.3.4.dylib */; };
		853544672069ECD000C4C70E /* libopencv_hfs.dylib in Frameworks */ = {isa = PBXBuildFile; fileRef = 853543E32069ECC900C4C70E /* libopencv_hfs.dylib */; };
		853544682069ECD000C4C70E /* libopencv_surface_matching.3.4.1.dylib in Frameworks */ = {isa = PBXBuildFile; fileRef = 853543E42069ECC900C4C70E /* libopencv_surface_matching.3.4.1.dylib */; };
		853544692069ECD000C4C70E /* libopencv_imgcodecs.dylib in Frameworks */ = {isa = PBXBuildFile; fileRef = 853543E52069ECCA00C4C70E /* libopencv_imgcodecs.dylib */; };
		8535446A2069ECD000C4C70E /* libopencv_photo.3.4.dylib in Frameworks */ = {isa = PBXBuildFile; fileRef = 853543E62069ECCA00C4C70E /* libopencv_photo.3.4.dylib */; };
		8535446B2069ECD000C4C70E /* libopencv_dnn.3.4.1.dylib in Frameworks */ = {isa = PBXBuildFile; fileRef = 853543E72069ECCA00C4C70E /* libopencv_dnn.3.4.1.dylib */; };
		8535446C2069ECD000C4C70E /* libopencv_plot.dylib in Frameworks */ = {isa = PBXBuildFile; fileRef = 853543E82069ECCA00C4C70E /* libopencv_plot.dylib */; };
		8535446D2069ECD000C4C70E /* libopencv_bioinspired.3.4.1.dylib in Frameworks */ = {isa = PBXBuildFile; fileRef = 853543E92069ECCA00C4C70E /* libopencv_bioinspired.3.4.1.dylib */; };
		8535446E2069ECD000C4C70E /* libopencv_stereo.3.4.1.dylib in Frameworks */ = {isa = PBXBuildFile; fileRef = 853543EA2069ECCA00C4C70E /* libopencv_stereo.3.4.1.dylib */; };
		8535446F2069ECD000C4C70E /* libopencv_dnn.dylib in Frameworks */ = {isa = PBXBuildFile; fileRef = 853543EB2069ECCA00C4C70E /* libopencv_dnn.dylib */; };
		853544702069ECD000C4C70E /* libopencv_dpm.3.4.1.dylib in Frameworks */ = {isa = PBXBuildFile; fileRef = 853543EC2069ECCA00C4C70E /* libopencv_dpm.3.4.1.dylib */; };
		853544712069ECD000C4C70E /* libopencv_bioinspired.dylib in Frameworks */ = {isa = PBXBuildFile; fileRef = 853543ED2069ECCA00C4C70E /* libopencv_bioinspired.dylib */; };
		853544722069ECD000C4C70E /* libopencv_img_hash.3.4.1.dylib in Frameworks */ = {isa = PBXBuildFile; fileRef = 853543EE2069ECCA00C4C70E /* libopencv_img_hash.3.4.1.dylib */; };
		853544732069ECD000C4C70E /* libopencv_photo.dylib in Frameworks */ = {isa = PBXBuildFile; fileRef = 853543EF2069ECCA00C4C70E /* libopencv_photo.dylib */; };
		853544742069ECD000C4C70E /* libopencv_imgcodecs.3.4.1.dylib in Frameworks */ = {isa = PBXBuildFile; fileRef = 853543F02069ECCA00C4C70E /* libopencv_imgcodecs.3.4.1.dylib */; };
		853544752069ECD000C4C70E /* libopencv_reg.3.4.dylib in Frameworks */ = {isa = PBXBuildFile; fileRef = 853543F12069ECCA00C4C70E /* libopencv_reg.3.4.dylib */; };
		853544762069ECD000C4C70E /* libopencv_xobjdetect.3.4.dylib in Frameworks */ = {isa = PBXBuildFile; fileRef = 853543F22069ECCA00C4C70E /* libopencv_xobjdetect.3.4.dylib */; };
		853544772069ECD000C4C70E /* libopencv_rgbd.3.4.1.dylib in Frameworks */ = {isa = PBXBuildFile; fileRef = 853543F32069ECCB00C4C70E /* libopencv_rgbd.3.4.1.dylib */; };
		853544782069ECD000C4C70E /* libopencv_flann.3.4.dylib in Frameworks */ = {isa = PBXBuildFile; fileRef = 853543F42069ECCB00C4C70E /* libopencv_flann.3.4.dylib */; };
		853544792069ECD000C4C70E /* libopencv_objdetect.dylib in Frameworks */ = {isa = PBXBuildFile; fileRef = 853543F52069ECCB00C4C70E /* libopencv_objdetect.dylib */; };
		8535447A2069ECD000C4C70E /* libopencv_saliency.3.4.dylib in Frameworks */ = {isa = PBXBuildFile; fileRef = 853543F62069ECCB00C4C70E /* libopencv_saliency.3.4.dylib */; };
		8535447B2069ECD000C4C70E /* libopencv_xfeatures2d.3.4.1.dylib in Frameworks */ = {isa = PBXBuildFile; fileRef = 853543F72069ECCB00C4C70E /* libopencv_xfeatures2d.3.4.1.dylib */; };
		8535447C2069ECD000C4C70E /* libopencv_optflow.3.4.1.dylib in Frameworks */ = {isa = PBXBuildFile; fileRef = 853543F82069ECCB00C4C70E /* libopencv_optflow.3.4.1.dylib */; };
		8535447D2069ECD000C4C70E /* libopencv_saliency.3.4.1.dylib in Frameworks */ = {isa = PBXBuildFile; fileRef = 853543F92069ECCB00C4C70E /* libopencv_saliency.3.4.1.dylib */; };
		8535447E2069ECD000C4C70E /* libopencv_stitching.3.4.dylib in Frameworks */ = {isa = PBXBuildFile; fileRef = 853543FA2069ECCB00C4C70E /* libopencv_stitching.3.4.dylib */; };
		8535447F2069ECD000C4C70E /* libopencv_shape.dylib in Frameworks */ = {isa = PBXBuildFile; fileRef = 853543FB2069ECCC00C4C70E /* libopencv_shape.dylib */; };
		853544802069ECD000C4C70E /* libopencv_structured_light.3.4.1.dylib in Frameworks */ = {isa = PBXBuildFile; fileRef = 853543FC2069ECCC00C4C70E /* libopencv_structured_light.3.4.1.dylib */; };
		853544812069ECD000C4C70E /* libopencv_videoio.3.4.1.dylib in Frameworks */ = {isa = PBXBuildFile; fileRef = 853543FD2069ECCC00C4C70E /* libopencv_videoio.3.4.1.dylib */; };
		853544822069ECD000C4C70E /* libopencv_video.3.4.dylib in Frameworks */ = {isa = PBXBuildFile; fileRef = 853543FE2069ECCC00C4C70E /* libopencv_video.3.4.dylib */; };
		853544832069ECD000C4C70E /* libopencv_aruco.dylib in Frameworks */ = {isa = PBXBuildFile; fileRef = 853543FF2069ECCD00C4C70E /* libopencv_aruco.dylib */; };
		853544842069ECD000C4C70E /* libopencv_dpm.3.4.dylib in Frameworks */ = {isa = PBXBuildFile; fileRef = 853544002069ECCD00C4C70E /* libopencv_dpm.3.4.dylib */; };
		853544852069ECD000C4C70E /* libopencv_structured_light.3.4.dylib in Frameworks */ = {isa = PBXBuildFile; fileRef = 853544012069ECCD00C4C70E /* libopencv_structured_light.3.4.dylib */; };
		853544862069ECD000C4C70E /* libopencv_structured_light.dylib in Frameworks */ = {isa = PBXBuildFile; fileRef = 853544022069ECCD00C4C70E /* libopencv_structured_light.dylib */; };
		853544872069ECD000C4C70E /* libopencv_imgproc.3.4.1.dylib in Frameworks */ = {isa = PBXBuildFile; fileRef = 853544032069ECCD00C4C70E /* libopencv_imgproc.3.4.1.dylib */; };
		853544882069ECD000C4C70E /* libopencv_img_hash.3.4.dylib in Frameworks */ = {isa = PBXBuildFile; fileRef = 853544042069ECCD00C4C70E /* libopencv_img_hash.3.4.dylib */; };
		853544892069ECD000C4C70E /* libopencv_dpm.dylib in Frameworks */ = {isa = PBXBuildFile; fileRef = 853544052069ECCD00C4C70E /* libopencv_dpm.dylib */; };
		8535448A2069ECD000C4C70E /* libopencv_stereo.dylib in Frameworks */ = {isa = PBXBuildFile; fileRef = 853544062069ECCD00C4C70E /* libopencv_stereo.dylib */; };
		8535448B2069ECD000C4C70E /* libopencv_dnn_objdetect.3.4.dylib in Frameworks */ = {isa = PBXBuildFile; fileRef = 853544072069ECCD00C4C70E /* libopencv_dnn_objdetect.3.4.dylib */; };
		8535448C2069ECD000C4C70E /* libopencv_phase_unwrapping.dylib in Frameworks */ = {isa = PBXBuildFile; fileRef = 853544082069ECCD00C4C70E /* libopencv_phase_unwrapping.dylib */; };
		8535448D2069ECD000C4C70E /* libopencv_features2d.3.4.dylib in Frameworks */ = {isa = PBXBuildFile; fileRef = 853544092069ECCE00C4C70E /* libopencv_features2d.3.4.dylib */; };
		8535448E2069ECD000C4C70E /* libopencv_bgsegm.dylib in Frameworks */ = {isa = PBXBuildFile; fileRef = 8535440A2069ECCE00C4C70E /* libopencv_bgsegm.dylib */; };
		8535448F2069ECD000C4C70E /* libopencv_line_descriptor.dylib in Frameworks */ = {isa = PBXBuildFile; fileRef = 8535440B2069ECCE00C4C70E /* libopencv_line_descriptor.dylib */; };
		853544902069ECD000C4C70E /* libopencv_ccalib.dylib in Frameworks */ = {isa = PBXBuildFile; fileRef = 8535440C2069ECCE00C4C70E /* libopencv_ccalib.dylib */; };
		853544912069ECD000C4C70E /* libopencv_text.3.4.1.dylib in Frameworks */ = {isa = PBXBuildFile; fileRef = 8535440D2069ECCE00C4C70E /* libopencv_text.3.4.1.dylib */; };
		853544922069ECD000C4C70E /* libopencv_imgproc.3.4.dylib in Frameworks */ = {isa = PBXBuildFile; fileRef = 8535440E2069ECCE00C4C70E /* libopencv_imgproc.3.4.dylib */; };
		853544932069ECD000C4C70E /* libopencv_phase_unwrapping.3.4.dylib in Frameworks */ = {isa = PBXBuildFile; fileRef = 8535440F2069ECCE00C4C70E /* libopencv_phase_unwrapping.3.4.dylib */; };
		853544942069ECD000C4C70E /* libopencv_bgsegm.3.4.1.dylib in Frameworks */ = {isa = PBXBuildFile; fileRef = 853544102069ECCE00C4C70E /* libopencv_bgsegm.3.4.1.dylib */; };
		853544952069ECD000C4C70E /* libopencv_ml.dylib in Frameworks */ = {isa = PBXBuildFile; fileRef = 853544112069ECCE00C4C70E /* libopencv_ml.dylib */; };
		853544962069ECD000C4C70E /* libopencv_videostab.3.4.dylib in Frameworks */ = {isa = PBXBuildFile; fileRef = 853544122069ECCE00C4C70E /* libopencv_videostab.3.4.dylib */; };
		853544972069ECD000C4C70E /* libopencv_aruco.3.4.dylib in Frameworks */ = {isa = PBXBuildFile; fileRef = 853544132069ECCF00C4C70E /* libopencv_aruco.3.4.dylib */; };
		853544982069ECD000C4C70E /* libopencv_highgui.3.4.1.dylib in Frameworks */ = {isa = PBXBuildFile; fileRef = 853544142069ECCF00C4C70E /* libopencv_highgui.3.4.1.dylib */; };
		853544992069ECD000C4C70E /* libopencv_xphoto.dylib in Frameworks */ = {isa = PBXBuildFile; fileRef = 853544152069ECCF00C4C70E /* libopencv_xphoto.dylib */; };
		8535449A2069ECD000C4C70E /* libopencv_core.dylib in Frameworks */ = {isa = PBXBuildFile; fileRef = 853544162069ECCF00C4C70E /* libopencv_core.dylib */; };
		8535449B2069ECD000C4C70E /* libopencv_hfs.3.4.dylib in Frameworks */ = {isa = PBXBuildFile; fileRef = 853544172069ECCF00C4C70E /* libopencv_hfs.3.4.dylib */; };
		8535449C2069ECD000C4C70E /* libopencv_rgbd.dylib in Frameworks */ = {isa = PBXBuildFile; fileRef = 853544182069ECCF00C4C70E /* libopencv_rgbd.dylib */; };
		8535449D2069ECD000C4C70E /* libopencv_fuzzy.3.4.1.dylib in Frameworks */ = {isa = PBXBuildFile; fileRef = 853544192069ECCF00C4C70E /* libopencv_fuzzy.3.4.1.dylib */; };
		8535449E2069ECD000C4C70E /* libopencv_xobjdetect.dylib in Frameworks */ = {isa = PBXBuildFile; fileRef = 8535441A2069ECCF00C4C70E /* libopencv_xobjdetect.dylib */; };
		8535449F2069ECD000C4C70E /* libopencv_saliency.dylib in Frameworks */ = {isa = PBXBuildFile; fileRef = 8535441B2069ECCF00C4C70E /* libopencv_saliency.dylib */; };
		853544A02069ECD000C4C70E /* libopencv_xphoto.3.4.1.dylib in Frameworks */ = {isa = PBXBuildFile; fileRef = 8535441C2069ECCF00C4C70E /* libopencv_xphoto.3.4.1.dylib */; };
		853544A12069ECD000C4C70E /* libopencv_ximgproc.dylib in Frameworks */ = {isa = PBXBuildFile; fileRef = 8535441D2069ECCF00C4C70E /* libopencv_ximgproc.dylib */; };
		853544A22069ECD000C4C70E /* libopencv_bioinspired.3.4.dylib in Frameworks */ = {isa = PBXBuildFile; fileRef = 8535441E2069ECCF00C4C70E /* libopencv_bioinspired.3.4.dylib */; };
		853544A32069ECD000C4C70E /* libopencv_shape.3.4.1.dylib in Frameworks */ = {isa = PBXBuildFile; fileRef = 8535441F2069ECD000C4C70E /* libopencv_shape.3.4.1.dylib */; };
		853544A42069ECD000C4C70E /* libopencv_plot.3.4.1.dylib in Frameworks */ = {isa = PBXBuildFile; fileRef = 853544202069ECD000C4C70E /* libopencv_plot.3.4.1.dylib */; };
		853544A52069ECD000C4C70E /* libopencv_bgsegm.3.4.dylib in Frameworks */ = {isa = PBXBuildFile; fileRef = 853544212069ECD000C4C70E /* libopencv_bgsegm.3.4.dylib */; };
		853544A62069ECD000C4C70E /* libopencv_core.3.4.dylib in Frameworks */ = {isa = PBXBuildFile; fileRef = 853544222069ECD000C4C70E /* libopencv_core.3.4.dylib */; };
		853544A72069ECD000C4C70E /* libopencv_phase_unwrapping.3.4.1.dylib in Frameworks */ = {isa = PBXBuildFile; fileRef = 853544232069ECD000C4C70E /* libopencv_phase_unwrapping.3.4.1.dylib */; };
		853544A82069ECD000C4C70E /* libopencv_xfeatures2d.dylib in Frameworks */ = {isa = PBXBuildFile; fileRef = 853544242069ECD000C4C70E /* libopencv_xfeatures2d.dylib */; };
		856DF0792069E4650027016D /* main.cpp in Sources */ = {isa = PBXBuildFile; fileRef = 856DF0782069E4650027016D /* main.cpp */; };
/* End PBXBuildFile section */

/* Begin PBXCopyFilesBuildPhase section */
		856DF0732069E4650027016D /* CopyFiles */ = {
			isa = PBXCopyFilesBuildPhase;
			buildActionMask = 2147483647;
			dstPath = /usr/share/man/man1/;
			dstSubfolderSpec = 0;
			files = (
			);
			runOnlyForDeploymentPostprocessing = 1;
		};
/* End PBXCopyFilesBuildPhase section */

/* Begin PBXFileReference section */
		853543A12069ECC500C4C70E /* libopencv_ximgproc.3.4.dylib */ = {isa = PBXFileReference; lastKnownFileType = "compiled.mach-o.dylib"; name = libopencv_ximgproc.3.4.dylib; path = ../../../../../../usr/local/Cellar/opencv/3.4.1_2/lib/libopencv_ximgproc.3.4.dylib; sourceTree = "<group>"; };
		853543A22069ECC500C4C70E /* libopencv_videostab.3.4.1.dylib */ = {isa = PBXFileReference; lastKnownFileType = "compiled.mach-o.dylib"; name = libopencv_videostab.3.4.1.dylib; path = ../../../../../../usr/local/Cellar/opencv/3.4.1_2/lib/libopencv_videostab.3.4.1.dylib; sourceTree = "<group>"; };
		853543A32069ECC500C4C70E /* libopencv_shape.3.4.dylib */ = {isa = PBXFileReference; lastKnownFileType = "compiled.mach-o.dylib"; name = libopencv_shape.3.4.dylib; path = ../../../../../../usr/local/Cellar/opencv/3.4.1_2/lib/libopencv_shape.3.4.dylib; sourceTree = "<group>"; };
		853543A42069ECC500C4C70E /* libopencv_features2d.dylib */ = {isa = PBXFileReference; lastKnownFileType = "compiled.mach-o.dylib"; name = libopencv_features2d.dylib; path = ../../../../../../usr/local/Cellar/opencv/3.4.1_2/lib/libopencv_features2d.dylib; sourceTree = "<group>"; };
		853543A52069ECC500C4C70E /* libopencv_ccalib.3.4.1.dylib */ = {isa = PBXFileReference; lastKnownFileType = "compiled.mach-o.dylib"; name = libopencv_ccalib.3.4.1.dylib; path = ../../../../../../usr/local/Cellar/opencv/3.4.1_2/lib/libopencv_ccalib.3.4.1.dylib; sourceTree = "<group>"; };
		853543A62069ECC500C4C70E /* libopencv_xfeatures2d.3.4.dylib */ = {isa = PBXFileReference; lastKnownFileType = "compiled.mach-o.dylib"; name = libopencv_xfeatures2d.3.4.dylib; path = ../../../../../../usr/local/Cellar/opencv/3.4.1_2/lib/libopencv_xfeatures2d.3.4.dylib; sourceTree = "<group>"; };
		853543A72069ECC500C4C70E /* libopencv_hfs.3.4.1.dylib */ = {isa = PBXFileReference; lastKnownFileType = "compiled.mach-o.dylib"; name = libopencv_hfs.3.4.1.dylib; path = ../../../../../../usr/local/Cellar/opencv/3.4.1_2/lib/libopencv_hfs.3.4.1.dylib; sourceTree = "<group>"; };
		853543A82069ECC500C4C70E /* libopencv_superres.3.4.dylib */ = {isa = PBXFileReference; lastKnownFileType = "compiled.mach-o.dylib"; name = libopencv_superres.3.4.dylib; path = ../../../../../../usr/local/Cellar/opencv/3.4.1_2/lib/libopencv_superres.3.4.dylib; sourceTree = "<group>"; };
		853543A92069ECC500C4C70E /* libopencv_fuzzy.3.4.dylib */ = {isa = PBXFileReference; lastKnownFileType = "compiled.mach-o.dylib"; name = libopencv_fuzzy.3.4.dylib; path = ../../../../../../usr/local/Cellar/opencv/3.4.1_2/lib/libopencv_fuzzy.3.4.dylib; sourceTree = "<group>"; };
		853543AA2069ECC500C4C70E /* libopencv_flann.dylib */ = {isa = PBXFileReference; lastKnownFileType = "compiled.mach-o.dylib"; name = libopencv_flann.dylib; path = ../../../../../../usr/local/Cellar/opencv/3.4.1_2/lib/libopencv_flann.dylib; sourceTree = "<group>"; };
		853543AB2069ECC500C4C70E /* libopencv_video.3.4.1.dylib */ = {isa = PBXFileReference; lastKnownFileType = "compiled.mach-o.dylib"; name = libopencv_video.3.4.1.dylib; path = ../../../../../../usr/local/Cellar/opencv/3.4.1_2/lib/libopencv_video.3.4.1.dylib; sourceTree = "<group>"; };
		853543AC2069ECC500C4C70E /* libopencv_highgui.3.4.dylib */ = {isa = PBXFileReference; lastKnownFileType = "compiled.mach-o.dylib"; name = libopencv_highgui.3.4.dylib; path = ../../../../../../usr/local/Cellar/opencv/3.4.1_2/lib/libopencv_highgui.3.4.dylib; sourceTree = "<group>"; };
		853543AD2069ECC500C4C70E /* libopencv_features2d.3.4.1.dylib */ = {isa = PBXFileReference; lastKnownFileType = "compiled.mach-o.dylib"; name = libopencv_features2d.3.4.1.dylib; path = ../../../../../../usr/local/Cellar/opencv/3.4.1_2/lib/libopencv_features2d.3.4.1.dylib; sourceTree = "<group>"; };
		853543AE2069ECC500C4C70E /* libopencv_objdetect.3.4.dylib */ = {isa = PBXFileReference; lastKnownFileType = "compiled.mach-o.dylib"; name = libopencv_objdetect.3.4.dylib; path = ../../../../../../usr/local/Cellar/opencv/3.4.1_2/lib/libopencv_objdetect.3.4.dylib; sourceTree = "<group>"; };
		853543AF2069ECC500C4C70E /* libopencv_face.dylib */ = {isa = PBXFileReference; lastKnownFileType = "compiled.mach-o.dylib"; name = libopencv_face.dylib; path = ../../../../../../usr/local/Cellar/opencv/3.4.1_2/lib/libopencv_face.dylib; sourceTree = "<group>"; };
		853543B02069ECC500C4C70E /* libopencv_optflow.dylib */ = {isa = PBXFileReference; lastKnownFileType = "compiled.mach-o.dylib"; name = libopencv_optflow.dylib; path = ../../../../../../usr/local/Cellar/opencv/3.4.1_2/lib/libopencv_optflow.dylib; sourceTree = "<group>"; };
		853543B12069ECC500C4C70E /* libopencv_optflow.3.4.dylib */ = {isa = PBXFileReference; lastKnownFileType = "compiled.mach-o.dylib"; name = libopencv_optflow.3.4.dylib; path = ../../../../../../usr/local/Cellar/opencv/3.4.1_2/lib/libopencv_optflow.3.4.dylib; sourceTree = "<group>"; };
		853543B22069ECC600C4C70E /* libopencv_plot.3.4.dylib */ = {isa = PBXFileReference; lastKnownFileType = "compiled.mach-o.dylib"; name = libopencv_plot.3.4.dylib; path = ../../../../../../usr/local/Cellar/opencv/3.4.1_2/lib/libopencv_plot.3.4.dylib; sourceTree = "<group>"; };
		853543B32069ECC600C4C70E /* libopencv_dnn_objdetect.dylib */ = {isa = PBXFileReference; lastKnownFileType = "compiled.mach-o.dylib"; name = libopencv_dnn_objdetect.dylib; path = ../../../../../../usr/local/Cellar/opencv/3.4.1_2/lib/libopencv_dnn_objdetect.dylib; sourceTree = "<group>"; };
		853543B42069ECC600C4C70E /* libopencv_text.3.4.dylib */ = {isa = PBXFileReference; lastKnownFileType = "compiled.mach-o.dylib"; name = libopencv_text.3.4.dylib; path = ../../../../../../usr/local/Cellar/opencv/3.4.1_2/lib/libopencv_text.3.4.dylib; sourceTree = "<group>"; };
		853543B52069ECC600C4C70E /* libopencv_videoio.3.4.dylib */ = {isa = PBXFileReference; lastKnownFileType = "compiled.mach-o.dylib"; name = libopencv_videoio.3.4.dylib; path = ../../../../../../usr/local/Cellar/opencv/3.4.1_2/lib/libopencv_videoio.3.4.dylib; sourceTree = "<group>"; };
		853543B62069ECC600C4C70E /* libopencv_videostab.dylib */ = {isa = PBXFileReference; lastKnownFileType = "compiled.mach-o.dylib"; name = libopencv_videostab.dylib; path = ../../../../../../usr/local/Cellar/opencv/3.4.1_2/lib/libopencv_videostab.dylib; sourceTree = "<group>"; };
		853543B72069ECC600C4C70E /* libopencv_ml.3.4.1.dylib */ = {isa = PBXFileReference; lastKnownFileType = "compiled.mach-o.dylib"; name = libopencv_ml.3.4.1.dylib; path = ../../../../../../usr/local/Cellar/opencv/3.4.1_2/lib/libopencv_ml.3.4.1.dylib; sourceTree = "<group>"; };
		853543B82069ECC600C4C70E /* libopencv_imgproc.dylib */ = {isa = PBXFileReference; lastKnownFileType = "compiled.mach-o.dylib"; name = libopencv_imgproc.dylib; path = ../../../../../../usr/local/Cellar/opencv/3.4.1_2/lib/libopencv_imgproc.dylib; sourceTree = "<group>"; };
		853543B92069ECC600C4C70E /* libopencv_tracking.dylib */ = {isa = PBXFileReference; lastKnownFileType = "compiled.mach-o.dylib"; name = libopencv_tracking.dylib; path = ../../../../../../usr/local/Cellar/opencv/3.4.1_2/lib/libopencv_tracking.dylib; sourceTree = "<group>"; };
		853543BA2069ECC600C4C70E /* libopencv_face.3.4.dylib */ = {isa = PBXFileReference; lastKnownFileType = "compiled.mach-o.dylib"; name = libopencv_face.3.4.dylib; path = ../../../../../../usr/local/Cellar/opencv/3.4.1_2/lib/libopencv_face.3.4.dylib; sourceTree = "<group>"; };
		853543BB2069ECC600C4C70E /* libopencv_superres.dylib */ = {isa = PBXFileReference; lastKnownFileType = "compiled.mach-o.dylib"; name = libopencv_superres.dylib; path = ../../../../../../usr/local/Cellar/opencv/3.4.1_2/lib/libopencv_superres.dylib; sourceTree = "<group>"; };
		853543BC2069ECC600C4C70E /* libopencv_ml.3.4.dylib */ = {isa = PBXFileReference; lastKnownFileType = "compiled.mach-o.dylib"; name = libopencv_ml.3.4.dylib; path = ../../../../../../usr/local/Cellar/opencv/3.4.1_2/lib/libopencv_ml.3.4.dylib; sourceTree = "<group>"; };
		853543BD2069ECC700C4C70E /* libopencv_tracking.3.4.dylib */ = {isa = PBXFileReference; lastKnownFileType = "compiled.mach-o.dylib"; name = libopencv_tracking.3.4.dylib; path = ../../../../../../usr/local/Cellar/opencv/3.4.1_2/lib/libopencv_tracking.3.4.dylib; sourceTree = "<group>"; };
		853543BE2069ECC700C4C70E /* libopencv_calib3d.3.4.1.dylib */ = {isa = PBXFileReference; lastKnownFileType = "compiled.mach-o.dylib"; name = libopencv_calib3d.3.4.1.dylib; path = ../../../../../../usr/local/Cellar/opencv/3.4.1_2/lib/libopencv_calib3d.3.4.1.dylib; sourceTree = "<group>"; };
		853543BF2069ECC700C4C70E /* libopencv_surface_matching.3.4.dylib */ = {isa = PBXFileReference; lastKnownFileType = "compiled.mach-o.dylib"; name = libopencv_surface_matching.3.4.dylib; path = ../../../../../../usr/local/Cellar/opencv/3.4.1_2/lib/libopencv_surface_matching.3.4.dylib; sourceTree = "<group>"; };
		853543C02069ECC700C4C70E /* libopencv_ximgproc.3.4.1.dylib */ = {isa = PBXFileReference; lastKnownFileType = "compiled.mach-o.dylib"; name = libopencv_ximgproc.3.4.1.dylib; path = ../../../../../../usr/local/Cellar/opencv/3.4.1_2/lib/libopencv_ximgproc.3.4.1.dylib; sourceTree = "<group>"; };
		853543C12069ECC700C4C70E /* libopencv_stitching.3.4.1.dylib */ = {isa = PBXFileReference; lastKnownFileType = "compiled.mach-o.dylib"; name = libopencv_stitching.3.4.1.dylib; path = ../../../../../../usr/local/Cellar/opencv/3.4.1_2/lib/libopencv_stitching.3.4.1.dylib; sourceTree = "<group>"; };
		853543C22069ECC700C4C70E /* libopencv_reg.3.4.1.dylib */ = {isa = PBXFileReference; lastKnownFileType = "compiled.mach-o.dylib"; name = libopencv_reg.3.4.1.dylib; path = ../../../../../../usr/local/Cellar/opencv/3.4.1_2/lib/libopencv_reg.3.4.1.dylib; sourceTree = "<group>"; };
		853543C32069ECC700C4C70E /* libopencv_tracking.3.4.1.dylib */ = {isa = PBXFileReference; lastKnownFileType = "compiled.mach-o.dylib"; name = libopencv_tracking.3.4.1.dylib; path = ../../../../../../usr/local/Cellar/opencv/3.4.1_2/lib/libopencv_tracking.3.4.1.dylib; sourceTree = "<group>"; };
		853543C42069ECC700C4C70E /* libopencv_video.dylib */ = {isa = PBXFileReference; lastKnownFileType = "compiled.mach-o.dylib"; name = libopencv_video.dylib; path = ../../../../../../usr/local/Cellar/opencv/3.4.1_2/lib/libopencv_video.dylib; sourceTree = "<group>"; };
		853543C52069ECC700C4C70E /* libopencv_superres.3.4.1.dylib */ = {isa = PBXFileReference; lastKnownFileType = "compiled.mach-o.dylib"; name = libopencv_superres.3.4.1.dylib; path = ../../../../../../usr/local/Cellar/opencv/3.4.1_2/lib/libopencv_superres.3.4.1.dylib; sourceTree = "<group>"; };
		853543C62069ECC700C4C70E /* libopencv_line_descriptor.3.4.1.dylib */ = {isa = PBXFileReference; lastKnownFileType = "compiled.mach-o.dylib"; name = libopencv_line_descriptor.3.4.1.dylib; path = ../../../../../../usr/local/Cellar/opencv/3.4.1_2/lib/libopencv_line_descriptor.3.4.1.dylib; sourceTree = "<group>"; };
		853543C72069ECC700C4C70E /* libopencv_stereo.3.4.dylib */ = {isa = PBXFileReference; lastKnownFileType = "compiled.mach-o.dylib"; name = libopencv_stereo.3.4.dylib; path = ../../../../../../usr/local/Cellar/opencv/3.4.1_2/lib/libopencv_stereo.3.4.dylib; sourceTree = "<group>"; };
		853543C82069ECC700C4C70E /* libopencv_dnn.3.4.dylib */ = {isa = PBXFileReference; lastKnownFileType = "compiled.mach-o.dylib"; name = libopencv_dnn.3.4.dylib; path = ../../../../../../usr/local/Cellar/opencv/3.4.1_2/lib/libopencv_dnn.3.4.dylib; sourceTree = "<group>"; };
		853543C92069ECC800C4C70E /* libopencv_face.3.4.1.dylib */ = {isa = PBXFileReference; lastKnownFileType = "compiled.mach-o.dylib"; name = libopencv_face.3.4.1.dylib; path = ../../../../../../usr/local/Cellar/opencv/3.4.1_2/lib/libopencv_face.3.4.1.dylib; sourceTree = "<group>"; };
		853543CA2069ECC800C4C70E /* libopencv_aruco.3.4.1.dylib */ = {isa = PBXFileReference; lastKnownFileType = "compiled.mach-o.dylib"; name = libopencv_aruco.3.4.1.dylib; path = ../../../../../../usr/local/Cellar/opencv/3.4.1_2/lib/libopencv_aruco.3.4.1.dylib; sourceTree = "<group>"; };
		853543CB2069ECC800C4C70E /* libopencv_dnn_objdetect.3.4.1.dylib */ = {isa = PBXFileReference; lastKnownFileType = "compiled.mach-o.dylib"; name = libopencv_dnn_objdetect.3.4.1.dylib; path = ../../../../../../usr/local/Cellar/opencv/3.4.1_2/lib/libopencv_dnn_objdetect.3.4.1.dylib; sourceTree = "<group>"; };
		853543CC2069ECC800C4C70E /* libopencv_flann.3.4.1.dylib */ = {isa = PBXFileReference; lastKnownFileType = "compiled.mach-o.dylib"; name = libopencv_flann.3.4.1.dylib; path = ../../../../../../usr/local/Cellar/opencv/3.4.1_2/lib/libopencv_flann.3.4.1.dylib; sourceTree = "<group>"; };
		853543CD2069ECC800C4C70E /* libopencv_objdetect.3.4.1.dylib */ = {isa = PBXFileReference; lastKnownFileType = "compiled.mach-o.dylib"; name = libopencv_objdetect.3.4.1.dylib; path = ../../../../../../usr/local/Cellar/opencv/3.4.1_2/lib/libopencv_objdetect.3.4.1.dylib; sourceTree = "<group>"; };
		853543CE2069ECC800C4C70E /* libopencv_xphoto.3.4.dylib */ = {isa = PBXFileReference; lastKnownFileType = "compiled.mach-o.dylib"; name = libopencv_xphoto.3.4.dylib; path = ../../../../../../usr/local/Cellar/opencv/3.4.1_2/lib/libopencv_xphoto.3.4.dylib; sourceTree = "<group>"; };
		853543CF2069ECC800C4C70E /* libopencv_calib3d.3.4.dylib */ = {isa = PBXFileReference; lastKnownFileType = "compiled.mach-o.dylib"; name = libopencv_calib3d.3.4.dylib; path = ../../../../../../usr/local/Cellar/opencv/3.4.1_2/lib/libopencv_calib3d.3.4.dylib; sourceTree = "<group>"; };
		853543D02069ECC800C4C70E /* libopencv_datasets.dylib */ = {isa = PBXFileReference; lastKnownFileType = "compiled.mach-o.dylib"; name = libopencv_datasets.dylib; path = ../../../../../../usr/local/Cellar/opencv/3.4.1_2/lib/libopencv_datasets.dylib; sourceTree = "<group>"; };
		853543D12069ECC800C4C70E /* libopencv_line_descriptor.3.4.dylib */ = {isa = PBXFileReference; lastKnownFileType = "compiled.mach-o.dylib"; name = libopencv_line_descriptor.3.4.dylib; path = ../../../../../../usr/local/Cellar/opencv/3.4.1_2/lib/libopencv_line_descriptor.3.4.dylib; sourceTree = "<group>"; };
		853543D22069ECC800C4C70E /* libopencv_datasets.3.4.dylib */ = {isa = PBXFileReference; lastKnownFileType = "compiled.mach-o.dylib"; name = libopencv_datasets.3.4.dylib; path = ../../../../../../usr/local/Cellar/opencv/3.4.1_2/lib/libopencv_datasets.3.4.dylib; sourceTree = "<group>"; };
		853543D32069ECC800C4C70E /* libopencv_fuzzy.dylib */ = {isa = PBXFileReference; lastKnownFileType = "compiled.mach-o.dylib"; name = libopencv_fuzzy.dylib; path = ../../../../../../usr/local/Cellar/opencv/3.4.1_2/lib/libopencv_fuzzy.dylib; sourceTree = "<group>"; };
		853543D42069ECC800C4C70E /* libopencv_surface_matching.dylib */ = {isa = PBXFileReference; lastKnownFileType = "compiled.mach-o.dylib"; name = libopencv_surface_matching.dylib; path = ../../../../../../usr/local/Cellar/opencv/3.4.1_2/lib/libopencv_surface_matching.dylib; sourceTree = "<group>"; };
		853543D52069ECC800C4C70E /* libopencv_img_hash.dylib */ = {isa = PBXFileReference; lastKnownFileType = "compiled.mach-o.dylib"; name = libopencv_img_hash.dylib; path = ../../../../../../usr/local/Cellar/opencv/3.4.1_2/lib/libopencv_img_hash.dylib; sourceTree = "<group>"; };
		853543D62069ECC800C4C70E /* libopencv_xobjdetect.3.4.1.dylib */ = {isa = PBXFileReference; lastKnownFileType = "compiled.mach-o.dylib"; name = libopencv_xobjdetect.3.4.1.dylib; path = ../../../../../../usr/local/Cellar/opencv/3.4.1_2/lib/libopencv_xobjdetect.3.4.1.dylib; sourceTree = "<group>"; };
		853543D72069ECC900C4C70E /* libopencv_ccalib.3.4.dylib */ = {isa = PBXFileReference; lastKnownFileType = "compiled.mach-o.dylib"; name = libopencv_ccalib.3.4.dylib; path = ../../../../../../usr/local/Cellar/opencv/3.4.1_2/lib/libopencv_ccalib.3.4.dylib; sourceTree = "<group>"; };
		853543D82069ECC900C4C70E /* libopencv_highgui.dylib */ = {isa = PBXFileReference; lastKnownFileType = "compiled.mach-o.dylib"; name = libopencv_highgui.dylib; path = ../../../../../../usr/local/Cellar/opencv/3.4.1_2/lib/libopencv_highgui.dylib; sourceTree = "<group>"; };
		853543D92069ECC900C4C70E /* libopencv_imgcodecs.3.4.dylib */ = {isa = PBXFileReference; lastKnownFileType = "compiled.mach-o.dylib"; name = libopencv_imgcodecs.3.4.dylib; path = ../../../../../../usr/local/Cellar/opencv/3.4.1_2/lib/libopencv_imgcodecs.3.4.dylib; sourceTree = "<group>"; };
		853543DA2069ECC900C4C70E /* libopencv_datasets.3.4.1.dylib */ = {isa = PBXFileReference; lastKnownFileType = "compiled.mach-o.dylib"; name = libopencv_datasets.3.4.1.dylib; path = ../../../../../../usr/local/Cellar/opencv/3.4.1_2/lib/libopencv_datasets.3.4.1.dylib; sourceTree = "<group>"; };
		853543DB2069ECC900C4C70E /* libopencv_videoio.dylib */ = {isa = PBXFileReference; lastKnownFileType = "compiled.mach-o.dylib"; name = libopencv_videoio.dylib; path = ../../../../../../usr/local/Cellar/opencv/3.4.1_2/lib/libopencv_videoio.dylib; sourceTree = "<group>"; };
		853543DC2069ECC900C4C70E /* libopencv_calib3d.dylib */ = {isa = PBXFileReference; lastKnownFileType = "compiled.mach-o.dylib"; name = libopencv_calib3d.dylib; path = ../../../../../../usr/local/Cellar/opencv/3.4.1_2/lib/libopencv_calib3d.dylib; sourceTree = "<group>"; };
		853543DD2069ECC900C4C70E /* libopencv_text.dylib */ = {isa = PBXFileReference; lastKnownFileType = "compiled.mach-o.dylib"; name = libopencv_text.dylib; path = ../../../../../../usr/local/Cellar/opencv/3.4.1_2/lib/libopencv_text.dylib; sourceTree = "<group>"; };
		853543DE2069ECC900C4C70E /* libopencv_photo.3.4.1.dylib */ = {isa = PBXFileReference; lastKnownFileType = "compiled.mach-o.dylib"; name = libopencv_photo.3.4.1.dylib; path = ../../../../../../usr/local/Cellar/opencv/3.4.1_2/lib/libopencv_photo.3.4.1.dylib; sourceTree = "<group>"; };
		853543DF2069ECC900C4C70E /* libopencv_reg.dylib */ = {isa = PBXFileReference; lastKnownFileType = "compiled.mach-o.dylib"; name = libopencv_reg.dylib; path = ../../../../../../usr/local/Cellar/opencv/3.4.1_2/lib/libopencv_reg.dylib; sourceTree = "<group>"; };
		853543E02069ECC900C4C70E /* libopencv_stitching.dylib */ = {isa = PBXFileReference; lastKnownFileType = "compiled.mach-o.dylib"; name = libopencv_stitching.dylib; path = ../../../../../../usr/local/Cellar/opencv/3.4.1_2/lib/libopencv_stitching.dylib; sourceTree = "<group>"; };
		853543E12069ECC900C4C70E /* libopencv_core.3.4.1.dylib */ = {isa = PBXFileReference; lastKnownFileType = "compiled.mach-o.dylib"; name = libopencv_core.3.4.1.dylib; path = ../../../../../../usr/local/Cellar/opencv/3.4.1_2/lib/libopencv_core.3.4.1.dylib; sourceTree = "<group>"; };
		853543E22069ECC900C4C70E /* libopencv_rgbd.3.4.dylib */ = {isa = PBXFileReference; lastKnownFileType = "compiled.mach-o.dylib"; name = libopencv_rgbd.3.4.dylib; path = ../../../../../../usr/local/Cellar/opencv/3.4.1_2/lib/libopencv_rgbd.3.4.dylib; sourceTree = "<group>"; };
		853543E32069ECC900C4C70E /* libopencv_hfs.dylib */ = {isa = PBXFileReference; lastKnownFileType = "compiled.mach-o.dylib"; name = libopencv_hfs.dylib; path = ../../../../../../usr/local/Cellar/opencv/3.4.1_2/lib/libopencv_hfs.dylib; sourceTree = "<group>"; };
		853543E42069ECC900C4C70E /* libopencv_surface_matching.3.4.1.dylib */ = {isa = PBXFileReference; lastKnownFileType = "compiled.mach-o.dylib"; name = libopencv_surface_matching.3.4.1.dylib; path = ../../../../../../usr/local/Cellar/opencv/3.4.1_2/lib/libopencv_surface_matching.3.4.1.dylib; sourceTree = "<group>"; };
		853543E52069ECCA00C4C70E /* libopencv_imgcodecs.dylib */ = {isa = PBXFileReference; lastKnownFileType = "compiled.mach-o.dylib"; name = libopencv_imgcodecs.dylib; path = ../../../../../../usr/local/Cellar/opencv/3.4.1_2/lib/libopencv_imgcodecs.dylib; sourceTree = "<group>"; };
		853543E62069ECCA00C4C70E /* libopencv_photo.3.4.dylib */ = {isa = PBXFileReference; lastKnownFileType = "compiled.mach-o.dylib"; name = libopencv_photo.3.4.dylib; path = ../../../../../../usr/local/Cellar/opencv/3.4.1_2/lib/libopencv_photo.3.4.dylib; sourceTree = "<group>"; };
		853543E72069ECCA00C4C70E /* libopencv_dnn.3.4.1.dylib */ = {isa = PBXFileReference; lastKnownFileType = "compiled.mach-o.dylib"; name = libopencv_dnn.3.4.1.dylib; path = ../../../../../../usr/local/Cellar/opencv/3.4.1_2/lib/libopencv_dnn.3.4.1.dylib; sourceTree = "<group>"; };
		853543E82069ECCA00C4C70E /* libopencv_plot.dylib */ = {isa = PBXFileReference; lastKnownFileType = "compiled.mach-o.dylib"; name = libopencv_plot.dylib; path = ../../../../../../usr/local/Cellar/opencv/3.4.1_2/lib/libopencv_plot.dylib; sourceTree = "<group>"; };
		853543E92069ECCA00C4C70E /* libopencv_bioinspired.3.4.1.dylib */ = {isa = PBXFileReference; lastKnownFileType = "compiled.mach-o.dylib"; name = libopencv_bioinspired.3.4.1.dylib; path = ../../../../../../usr/local/Cellar/opencv/3.4.1_2/lib/libopencv_bioinspired.3.4.1.dylib; sourceTree = "<group>"; };
		853543EA2069ECCA00C4C70E /* libopencv_stereo.3.4.1.dylib */ = {isa = PBXFileReference; lastKnownFileType = "compiled.mach-o.dylib"; name = libopencv_stereo.3.4.1.dylib; path = ../../../../../../usr/local/Cellar/opencv/3.4.1_2/lib/libopencv_stereo.3.4.1.dylib; sourceTree = "<group>"; };
		853543EB2069ECCA00C4C70E /* libopencv_dnn.dylib */ = {isa = PBXFileReference; lastKnownFileType = "compiled.mach-o.dylib"; name = libopencv_dnn.dylib; path = ../../../../../../usr/local/Cellar/opencv/3.4.1_2/lib/libopencv_dnn.dylib; sourceTree = "<group>"; };
		853543EC2069ECCA00C4C70E /* libopencv_dpm.3.4.1.dylib */ = {isa = PBXFileReference; lastKnownFileType = "compiled.mach-o.dylib"; name = libopencv_dpm.3.4.1.dylib; path = ../../../../../../usr/local/Cellar/opencv/3.4.1_2/lib/libopencv_dpm.3.4.1.dylib; sourceTree = "<group>"; };
		853543ED2069ECCA00C4C70E /* libopencv_bioinspired.dylib */ = {isa = PBXFileReference; lastKnownFileType = "compiled.mach-o.dylib"; name = libopencv_bioinspired.dylib; path = ../../../../../../usr/local/Cellar/opencv/3.4.1_2/lib/libopencv_bioinspired.dylib; sourceTree = "<group>"; };
		853543EE2069ECCA00C4C70E /* libopencv_img_hash.3.4.1.dylib */ = {isa = PBXFileReference; lastKnownFileType = "compiled.mach-o.dylib"; name = libopencv_img_hash.3.4.1.dylib; path = ../../../../../../usr/local/Cellar/opencv/3.4.1_2/lib/libopencv_img_hash.3.4.1.dylib; sourceTree = "<group>"; };
		853543EF2069ECCA00C4C70E /* libopencv_photo.dylib */ = {isa = PBXFileReference; lastKnownFileType = "compiled.mach-o.dylib"; name = libopencv_photo.dylib; path = ../../../../../../usr/local/Cellar/opencv/3.4.1_2/lib/libopencv_photo.dylib; sourceTree = "<group>"; };
		853543F02069ECCA00C4C70E /* libopencv_imgcodecs.3.4.1.dylib */ = {isa = PBXFileReference; lastKnownFileType = "compiled.mach-o.dylib"; name = libopencv_imgcodecs.3.4.1.dylib; path = ../../../../../../usr/local/Cellar/opencv/3.4.1_2/lib/libopencv_imgcodecs.3.4.1.dylib; sourceTree = "<group>"; };
		853543F12069ECCA00C4C70E /* libopencv_reg.3.4.dylib */ = {isa = PBXFileReference; lastKnownFileType = "compiled.mach-o.dylib"; name = libopencv_reg.3.4.dylib; path = ../../../../../../usr/local/Cellar/opencv/3.4.1_2/lib/libopencv_reg.3.4.dylib; sourceTree = "<group>"; };
		853543F22069ECCA00C4C70E /* libopencv_xobjdetect.3.4.dylib */ = {isa = PBXFileReference; lastKnownFileType = "compiled.mach-o.dylib"; name = libopencv_xobjdetect.3.4.dylib; path = ../../../../../../usr/local/Cellar/opencv/3.4.1_2/lib/libopencv_xobjdetect.3.4.dylib; sourceTree = "<group>"; };
		853543F32069ECCB00C4C70E /* libopencv_rgbd.3.4.1.dylib */ = {isa = PBXFileReference; lastKnownFileType = "compiled.mach-o.dylib"; name = libopencv_rgbd.3.4.1.dylib; path = ../../../../../../usr/local/Cellar/opencv/3.4.1_2/lib/libopencv_rgbd.3.4.1.dylib; sourceTree = "<group>"; };
		853543F42069ECCB00C4C70E /* libopencv_flann.3.4.dylib */ = {isa = PBXFileReference; lastKnownFileType = "compiled.mach-o.dylib"; name = libopencv_flann.3.4.dylib; path = ../../../../../../usr/local/Cellar/opencv/3.4.1_2/lib/libopencv_flann.3.4.dylib; sourceTree = "<group>"; };
		853543F52069ECCB00C4C70E /* libopencv_objdetect.dylib */ = {isa = PBXFileReference; lastKnownFileType = "compiled.mach-o.dylib"; name = libopencv_objdetect.dylib; path = ../../../../../../usr/local/Cellar/opencv/3.4.1_2/lib/libopencv_objdetect.dylib; sourceTree = "<group>"; };
		853543F62069ECCB00C4C70E /* libopencv_saliency.3.4.dylib */ = {isa = PBXFileReference; lastKnownFileType = "compiled.mach-o.dylib"; name = libopencv_saliency.3.4.dylib; path = ../../../../../../usr/local/Cellar/opencv/3.4.1_2/lib/libopencv_saliency.3.4.dylib; sourceTree = "<group>"; };
		853543F72069ECCB00C4C70E /* libopencv_xfeatures2d.3.4.1.dylib */ = {isa = PBXFileReference; lastKnownFileType = "compiled.mach-o.dylib"; name = libopencv_xfeatures2d.3.4.1.dylib; path = ../../../../../../usr/local/Cellar/opencv/3.4.1_2/lib/libopencv_xfeatures2d.3.4.1.dylib; sourceTree = "<group>"; };
		853543F82069ECCB00C4C70E /* libopencv_optflow.3.4.1.dylib */ = {isa = PBXFileReference; lastKnownFileType = "compiled.mach-o.dylib"; name = libopencv_optflow.3.4.1.dylib; path = ../../../../../../usr/local/Cellar/opencv/3.4.1_2/lib/libopencv_optflow.3.4.1.dylib; sourceTree = "<group>"; };
		853543F92069ECCB00C4C70E /* libopencv_saliency.3.4.1.dylib */ = {isa = PBXFileReference; lastKnownFileType = "compiled.mach-o.dylib"; name = libopencv_saliency.3.4.1.dylib; path = ../../../../../../usr/local/Cellar/opencv/3.4.1_2/lib/libopencv_saliency.3.4.1.dylib; sourceTree = "<group>"; };
		853543FA2069ECCB00C4C70E /* libopencv_stitching.3.4.dylib */ = {isa = PBXFileReference; lastKnownFileType = "compiled.mach-o.dylib"; name = libopencv_stitching.3.4.dylib; path = ../../../../../../usr/local/Cellar/opencv/3.4.1_2/lib/libopencv_stitching.3.4.dylib; sourceTree = "<group>"; };
		853543FB2069ECCC00C4C70E /* libopencv_shape.dylib */ = {isa = PBXFileReference; lastKnownFileType = "compiled.mach-o.dylib"; name = libopencv_shape.dylib; path = ../../../../../../usr/local/Cellar/opencv/3.4.1_2/lib/libopencv_shape.dylib; sourceTree = "<group>"; };
		853543FC2069ECCC00C4C70E /* libopencv_structured_light.3.4.1.dylib */ = {isa = PBXFileReference; lastKnownFileType = "compiled.mach-o.dylib"; name = libopencv_structured_light.3.4.1.dylib; path = ../../../../../../usr/local/Cellar/opencv/3.4.1_2/lib/libopencv_structured_light.3.4.1.dylib; sourceTree = "<group>"; };
		853543FD2069ECCC00C4C70E /* libopencv_videoio.3.4.1.dylib */ = {isa = PBXFileReference; lastKnownFileType = "compiled.mach-o.dylib"; name = libopencv_videoio.3.4.1.dylib; path = ../../../../../../usr/local/Cellar/opencv/3.4.1_2/lib/libopencv_videoio.3.4.1.dylib; sourceTree = "<group>"; };
		853543FE2069ECCC00C4C70E /* libopencv_video.3.4.dylib */ = {isa = PBXFileReference; lastKnownFileType = "compiled.mach-o.dylib"; name = libopencv_video.3.4.dylib; path = ../../../../../../usr/local/Cellar/opencv/3.4.1_2/lib/libopencv_video.3.4.dylib; sourceTree = "<group>"; };
		853543FF2069ECCD00C4C70E /* libopencv_aruco.dylib */ = {isa = PBXFileReference; lastKnownFileType = "compiled.mach-o.dylib"; name = libopencv_aruco.dylib; path = ../../../../../../usr/local/Cellar/opencv/3.4.1_2/lib/libopencv_aruco.dylib; sourceTree = "<group>"; };
		853544002069ECCD00C4C70E /* libopencv_dpm.3.4.dylib */ = {isa = PBXFileReference; lastKnownFileType = "compiled.mach-o.dylib"; name = libopencv_dpm.3.4.dylib; path = ../../../../../../usr/local/Cellar/opencv/3.4.1_2/lib/libopencv_dpm.3.4.dylib; sourceTree = "<group>"; };
		853544012069ECCD00C4C70E /* libopencv_structured_light.3.4.dylib */ = {isa = PBXFileReference; lastKnownFileType = "compiled.mach-o.dylib"; name = libopencv_structured_light.3.4.dylib; path = ../../../../../../usr/local/Cellar/opencv/3.4.1_2/lib/libopencv_structured_light.3.4.dylib; sourceTree = "<group>"; };
		853544022069ECCD00C4C70E /* libopencv_structured_light.dylib */ = {isa = PBXFileReference; lastKnownFileType = "compiled.mach-o.dylib"; name = libopencv_structured_light.dylib; path = ../../../../../../usr/local/Cellar/opencv/3.4.1_2/lib/libopencv_structured_light.dylib; sourceTree = "<group>"; };
		853544032069ECCD00C4C70E /* libopencv_imgproc.3.4.1.dylib */ = {isa = PBXFileReference; lastKnownFileType = "compiled.mach-o.dylib"; name = libopencv_imgproc.3.4.1.dylib; path = ../../../../../../usr/local/Cellar/opencv/3.4.1_2/lib/libopencv_imgproc.3.4.1.dylib; sourceTree = "<group>"; };
		853544042069ECCD00C4C70E /* libopencv_img_hash.3.4.dylib */ = {isa = PBXFileReference; lastKnownFileType = "compiled.mach-o.dylib"; name = libopencv_img_hash.3.4.dylib; path = ../../../../../../usr/local/Cellar/opencv/3.4.1_2/lib/libopencv_img_hash.3.4.dylib; sourceTree = "<group>"; };
		853544052069ECCD00C4C70E /* libopencv_dpm.dylib */ = {isa = PBXFileReference; lastKnownFileType = "compiled.mach-o.dylib"; name = libopencv_dpm.dylib; path = ../../../../../../usr/local/Cellar/opencv/3.4.1_2/lib/libopencv_dpm.dylib; sourceTree = "<group>"; };
		853544062069ECCD00C4C70E /* libopencv_stereo.dylib */ = {isa = PBXFileReference; lastKnownFileType = "compiled.mach-o.dylib"; name = libopencv_stereo.dylib; path = ../../../../../../usr/local/Cellar/opencv/3.4.1_2/lib/libopencv_stereo.dylib; sourceTree = "<group>"; };
		853544072069ECCD00C4C70E /* libopencv_dnn_objdetect.3.4.dylib */ = {isa = PBXFileReference; lastKnownFileType = "compiled.mach-o.dylib"; name = libopencv_dnn_objdetect.3.4.dylib; path = ../../../../../../usr/local/Cellar/opencv/3.4.1_2/lib/libopencv_dnn_objdetect.3.4.dylib; sourceTree = "<group>"; };
		853544082069ECCD00C4C70E /* libopencv_phase_unwrapping.dylib */ = {isa = PBXFileReference; lastKnownFileType = "compiled.mach-o.dylib"; name = libopencv_phase_unwrapping.dylib; path = ../../../../../../usr/local/Cellar/opencv/3.4.1_2/lib/libopencv_phase_unwrapping.dylib; sourceTree = "<group>"; };
		853544092069ECCE00C4C70E /* libopencv_features2d.3.4.dylib */ = {isa = PBXFileReference; lastKnownFileType = "compiled.mach-o.dylib"; name = libopencv_features2d.3.4.dylib; path = ../../../../../../usr/local/Cellar/opencv/3.4.1_2/lib/libopencv_features2d.3.4.dylib; sourceTree = "<group>"; };
		8535440A2069ECCE00C4C70E /* libopencv_bgsegm.dylib */ = {isa = PBXFileReference; lastKnownFileType = "compiled.mach-o.dylib"; name = libopencv_bgsegm.dylib; path = ../../../../../../usr/local/Cellar/opencv/3.4.1_2/lib/libopencv_bgsegm.dylib; sourceTree = "<group>"; };
		8535440B2069ECCE00C4C70E /* libopencv_line_descriptor.dylib */ = {isa = PBXFileReference; lastKnownFileType = "compiled.mach-o.dylib"; name = libopencv_line_descriptor.dylib; path = ../../../../../../usr/local/Cellar/opencv/3.4.1_2/lib/libopencv_line_descriptor.dylib; sourceTree = "<group>"; };
		8535440C2069ECCE00C4C70E /* libopencv_ccalib.dylib */ = {isa = PBXFileReference; lastKnownFileType = "compiled.mach-o.dylib"; name = libopencv_ccalib.dylib; path = ../../../../../../usr/local/Cellar/opencv/3.4.1_2/lib/libopencv_ccalib.dylib; sourceTree = "<group>"; };
		8535440D2069ECCE00C4C70E /* libopencv_text.3.4.1.dylib */ = {isa = PBXFileReference; lastKnownFileType = "compiled.mach-o.dylib"; name = libopencv_text.3.4.1.dylib; path = ../../../../../../usr/local/Cellar/opencv/3.4.1_2/lib/libopencv_text.3.4.1.dylib; sourceTree = "<group>"; };
		8535440E2069ECCE00C4C70E /* libopencv_imgproc.3.4.dylib */ = {isa = PBXFileReference; lastKnownFileType = "compiled.mach-o.dylib"; name = libopencv_imgproc.3.4.dylib; path = ../../../../../../usr/local/Cellar/opencv/3.4.1_2/lib/libopencv_imgproc.3.4.dylib; sourceTree = "<group>"; };
		8535440F2069ECCE00C4C70E /* libopencv_phase_unwrapping.3.4.dylib */ = {isa = PBXFileReference; lastKnownFileType = "compiled.mach-o.dylib"; name = libopencv_phase_unwrapping.3.4.dylib; path = ../../../../../../usr/local/Cellar/opencv/3.4.1_2/lib/libopencv_phase_unwrapping.3.4.dylib; sourceTree = "<group>"; };
		853544102069ECCE00C4C70E /* libopencv_bgsegm.3.4.1.dylib */ = {isa = PBXFileReference; lastKnownFileType = "compiled.mach-o.dylib"; name = libopencv_bgsegm.3.4.1.dylib; path = ../../../../../../usr/local/Cellar/opencv/3.4.1_2/lib/libopencv_bgsegm.3.4.1.dylib; sourceTree = "<group>"; };
		853544112069ECCE00C4C70E /* libopencv_ml.dylib */ = {isa = PBXFileReference; lastKnownFileType = "compiled.mach-o.dylib"; name = libopencv_ml.dylib; path = ../../../../../../usr/local/Cellar/opencv/3.4.1_2/lib/libopencv_ml.dylib; sourceTree = "<group>"; };
		853544122069ECCE00C4C70E /* libopencv_videostab.3.4.dylib */ = {isa = PBXFileReference; lastKnownFileType = "compiled.mach-o.dylib"; name = libopencv_videostab.3.4.dylib; path = ../../../../../../usr/local/Cellar/opencv/3.4.1_2/lib/libopencv_videostab.3.4.dylib; sourceTree = "<group>"; };
		853544132069ECCF00C4C70E /* libopencv_aruco.3.4.dylib */ = {isa = PBXFileReference; lastKnownFileType = "compiled.mach-o.dylib"; name = libopencv_aruco.3.4.dylib; path = ../../../../../../usr/local/Cellar/opencv/3.4.1_2/lib/libopencv_aruco.3.4.dylib; sourceTree = "<group>"; };
		853544142069ECCF00C4C70E /* libopencv_highgui.3.4.1.dylib */ = {isa = PBXFileReference; lastKnownFileType = "compiled.mach-o.dylib"; name = libopencv_highgui.3.4.1.dylib; path = ../../../../../../usr/local/Cellar/opencv/3.4.1_2/lib/libopencv_highgui.3.4.1.dylib; sourceTree = "<group>"; };
		853544152069ECCF00C4C70E /* libopencv_xphoto.dylib */ = {isa = PBXFileReference; lastKnownFileType = "compiled.mach-o.dylib"; name = libopencv_xphoto.dylib; path = ../../../../../../usr/local/Cellar/opencv/3.4.1_2/lib/libopencv_xphoto.dylib; sourceTree = "<group>"; };
		853544162069ECCF00C4C70E /* libopencv_core.dylib */ = {isa = PBXFileReference; lastKnownFileType = "compiled.mach-o.dylib"; name = libopencv_core.dylib; path = ../../../../../../usr/local/Cellar/opencv/3.4.1_2/lib/libopencv_core.dylib; sourceTree = "<group>"; };
		853544172069ECCF00C4C70E /* libopencv_hfs.3.4.dylib */ = {isa = PBXFileReference; lastKnownFileType = "compiled.mach-o.dylib"; name = libopencv_hfs.3.4.dylib; path = ../../../../../../usr/local/Cellar/opencv/3.4.1_2/lib/libopencv_hfs.3.4.dylib; sourceTree = "<group>"; };
		853544182069ECCF00C4C70E /* libopencv_rgbd.dylib */ = {isa = PBXFileReference; lastKnownFileType = "compiled.mach-o.dylib"; name = libopencv_rgbd.dylib; path = ../../../../../../usr/local/Cellar/opencv/3.4.1_2/lib/libopencv_rgbd.dylib; sourceTree = "<group>"; };
		853544192069ECCF00C4C70E /* libopencv_fuzzy.3.4.1.dylib */ = {isa = PBXFileReference; lastKnownFileType = "compiled.mach-o.dylib"; name = libopencv_fuzzy.3.4.1.dylib; path = ../../../../../../usr/local/Cellar/opencv/3.4.1_2/lib/libopencv_fuzzy.3.4.1.dylib; sourceTree = "<group>"; };
		8535441A2069ECCF00C4C70E /* libopencv_xobjdetect.dylib */ = {isa = PBXFileReference; lastKnownFileType = "compiled.mach-o.dylib"; name = libopencv_xobjdetect.dylib; path = ../../../../../../usr/local/Cellar/opencv/3.4.1_2/lib/libopencv_xobjdetect.dylib; sourceTree = "<group>"; };
		8535441B2069ECCF00C4C70E /* libopencv_saliency.dylib */ = {isa = PBXFileReference; lastKnownFileType = "compiled.mach-o.dylib"; name = libopencv_saliency.dylib; path = ../../../../../../usr/local/Cellar/opencv/3.4.1_2/lib/libopencv_saliency.dylib; sourceTree = "<group>"; };
		8535441C2069ECCF00C4C70E /* libopencv_xphoto.3.4.1.dylib */ = {isa = PBXFileReference; lastKnownFileType = "compiled.mach-o.dylib"; name = libopencv_xphoto.3.4.1.dylib; path = ../../../../../../usr/local/Cellar/opencv/3.4.1_2/lib/libopencv_xphoto.3.4.1.dylib; sourceTree = "<group>"; };
		8535441D2069ECCF00C4C70E /* libopencv_ximgproc.dylib */ = {isa = PBXFileReference; lastKnownFileType = "compiled.mach-o.dylib"; name = libopencv_ximgproc.dylib; path = ../../../../../../usr/local/Cellar/opencv/3.4.1_2/lib/libopencv_ximgproc.dylib; sourceTree = "<group>"; };
		8535441E2069ECCF00C4C70E /* libopencv_bioinspired.3.4.dylib */ = {isa = PBXFileReference; lastKnownFileType = "compiled.mach-o.dylib"; name = libopencv_bioinspired.3.4.dylib; path = ../../../../../../usr/local/Cellar/opencv/3.4.1_2/lib/libopencv_bioinspired.3.4.dylib; sourceTree = "<group>"; };
		8535441F2069ECD000C4C70E /* libopencv_shape.3.4.1.dylib */ = {isa = PBXFileReference; lastKnownFileType = "compiled.mach-o.dylib"; name = libopencv_shape.3.4.1.dylib; path = ../../../../../../usr/local/Cellar/opencv/3.4.1_2/lib/libopencv_shape.3.4.1.dylib; sourceTree = "<group>"; };
		853544202069ECD000C4C70E /* libopencv_plot.3.4.1.dylib */ = {isa = PBXFileReference; lastKnownFileType = "compiled.mach-o.dylib"; name = libopencv_plot.3.4.1.dylib; path = ../../../../../../usr/local/Cellar/opencv/3.4.1_2/lib/libopencv_plot.3.4.1.dylib; sourceTree = "<group>"; };
		853544212069ECD000C4C70E /* libopencv_bgsegm.3.4.dylib */ = {isa = PBXFileReference; lastKnownFileType = "compiled.mach-o.dylib"; name = libopencv_bgsegm.3.4.dylib; path = ../../../../../../usr/local/Cellar/opencv/3.4.1_2/lib/libopencv_bgsegm.3.4.dylib; sourceTree = "<group>"; };
		853544222069ECD000C4C70E /* libopencv_core.3.4.dylib */ = {isa = PBXFileReference; lastKnownFileType = "compiled.mach-o.dylib"; name = libopencv_core.3.4.dylib; path = ../../../../../../usr/local/Cellar/opencv/3.4.1_2/lib/libopencv_core.3.4.dylib; sourceTree = "<group>"; };
		853544232069ECD000C4C70E /* libopencv_phase_unwrapping.3.4.1.dylib */ = {isa = PBXFileReference; lastKnownFileType = "compiled.mach-o.dylib"; name = libopencv_phase_unwrapping.3.4.1.dylib; path = ../../../../../../usr/local/Cellar/opencv/3.4.1_2/lib/libopencv_phase_unwrapping.3.4.1.dylib; sourceTree = "<group>"; };
		853544242069ECD000C4C70E /* libopencv_xfeatures2d.dylib */ = {isa = PBXFileReference; lastKnownFileType = "compiled.mach-o.dylib"; name = libopencv_xfeatures2d.dylib; path = ../../../../../../usr/local/Cellar/opencv/3.4.1_2/lib/libopencv_xfeatures2d.dylib; sourceTree = "<group>"; };
		853544A9206A4D2000C4C70E /* timg.jpeg */ = {isa = PBXFileReference; lastKnownFileType = image.jpeg; path = timg.jpeg; sourceTree = "<group>"; };
		856DF0752069E4650027016D /* Test_Opencv */ = {isa = PBXFileReference; explicitFileType = "compiled.mach-o.executable"; includeInIndex = 0; path = Test_Opencv; sourceTree = BUILT_PRODUCTS_DIR; };
		856DF0782069E4650027016D /* main.cpp */ = {isa = PBXFileReference; lastKnownFileType = sourcecode.cpp.cpp; path = main.cpp; sourceTree = "<group>"; };
/* End PBXFileReference section */

/* Begin PBXFrameworksBuildPhase section */
		856DF0722069E4650027016D /* Frameworks */ = {
			isa = PBXFrameworksBuildPhase;
			buildActionMask = 2147483647;
			files = (
				8535442F2069ECD000C4C70E /* libopencv_video.3.4.1.dylib in Frameworks */,
				8535446E2069ECD000C4C70E /* libopencv_stereo.3.4.1.dylib in Frameworks */,
				8535443F2069ECD000C4C70E /* libopencv_superres.dylib in Frameworks */,
				853544272069ECD000C4C70E /* libopencv_shape.3.4.dylib in Frameworks */,
				853544412069ECD000C4C70E /* libopencv_tracking.3.4.dylib in Frameworks */,
				8535444B2069ECD000C4C70E /* libopencv_stereo.3.4.dylib in Frameworks */,
				8535449C2069ECD000C4C70E /* libopencv_rgbd.dylib in Frameworks */,
				853544942069ECD000C4C70E /* libopencv_bgsegm.3.4.1.dylib in Frameworks */,
				853544292069ECD000C4C70E /* libopencv_ccalib.3.4.1.dylib in Frameworks */,
				8535443C2069ECD000C4C70E /* libopencv_imgproc.dylib in Frameworks */,
				853544252069ECD000C4C70E /* libopencv_ximgproc.3.4.dylib in Frameworks */,
				853544352069ECD000C4C70E /* libopencv_optflow.3.4.dylib in Frameworks */,
				8535446D2069ECD000C4C70E /* libopencv_bioinspired.3.4.1.dylib in Frameworks */,
				853544642069ECD000C4C70E /* libopencv_stitching.dylib in Frameworks */,
				853544452069ECD000C4C70E /* libopencv_stitching.3.4.1.dylib in Frameworks */,
				853544A32069ECD000C4C70E /* libopencv_shape.3.4.1.dylib in Frameworks */,
				8535443A2069ECD000C4C70E /* libopencv_videostab.dylib in Frameworks */,
				8535444F2069ECD000C4C70E /* libopencv_dnn_objdetect.3.4.1.dylib in Frameworks */,
				8535449E2069ECD000C4C70E /* libopencv_xobjdetect.dylib in Frameworks */,
				853544752069ECD000C4C70E /* libopencv_reg.3.4.dylib in Frameworks */,
				8535443B2069ECD000C4C70E /* libopencv_ml.3.4.1.dylib in Frameworks */,
				8535443D2069ECD000C4C70E /* libopencv_tracking.dylib in Frameworks */,
				853544932069ECD000C4C70E /* libopencv_phase_unwrapping.3.4.dylib in Frameworks */,
				8535445A2069ECD000C4C70E /* libopencv_xobjdetect.3.4.1.dylib in Frameworks */,
				853544A72069ECD000C4C70E /* libopencv_phase_unwrapping.3.4.1.dylib in Frameworks */,
				8535444C2069ECD000C4C70E /* libopencv_dnn.3.4.dylib in Frameworks */,
				853544762069ECD000C4C70E /* libopencv_xobjdetect.3.4.dylib in Frameworks */,
				853544602069ECD000C4C70E /* libopencv_calib3d.dylib in Frameworks */,
				8535445E2069ECD000C4C70E /* libopencv_datasets.3.4.1.dylib in Frameworks */,
				8535446B2069ECD000C4C70E /* libopencv_dnn.3.4.1.dylib in Frameworks */,
				853544692069ECD000C4C70E /* libopencv_imgcodecs.dylib in Frameworks */,
				853544A22069ECD000C4C70E /* libopencv_bioinspired.3.4.dylib in Frameworks */,
				8535447B2069ECD000C4C70E /* libopencv_xfeatures2d.3.4.1.dylib in Frameworks */,
				853544632069ECD000C4C70E /* libopencv_reg.dylib in Frameworks */,
				8535447A2069ECD000C4C70E /* libopencv_saliency.3.4.dylib in Frameworks */,
				853544972069ECD000C4C70E /* libopencv_aruco.3.4.dylib in Frameworks */,
				8535448B2069ECD000C4C70E /* libopencv_dnn_objdetect.3.4.dylib in Frameworks */,
				853544892069ECD000C4C70E /* libopencv_dpm.dylib in Frameworks */,
				853544A52069ECD000C4C70E /* libopencv_bgsegm.3.4.dylib in Frameworks */,
				853544912069ECD000C4C70E /* libopencv_text.3.4.1.dylib in Frameworks */,
				853544852069ECD000C4C70E /* libopencv_structured_light.3.4.dylib in Frameworks */,
				853544822069ECD000C4C70E /* libopencv_video.3.4.dylib in Frameworks */,
				8535449F2069ECD000C4C70E /* libopencv_saliency.dylib in Frameworks */,
				8535448A2069ECD000C4C70E /* libopencv_stereo.dylib in Frameworks */,
				853544622069ECD000C4C70E /* libopencv_photo.3.4.1.dylib in Frameworks */,
				853544842069ECD000C4C70E /* libopencv_dpm.3.4.dylib in Frameworks */,
				853544562069ECD000C4C70E /* libopencv_datasets.3.4.dylib in Frameworks */,
				853544612069ECD000C4C70E /* libopencv_text.dylib in Frameworks */,
				8535447D2069ECD000C4C70E /* libopencv_saliency.3.4.1.dylib in Frameworks */,
				8535445D2069ECD000C4C70E /* libopencv_imgcodecs.3.4.dylib in Frameworks */,
				853544832069ECD000C4C70E /* libopencv_aruco.dylib in Frameworks */,
				853544792069ECD000C4C70E /* libopencv_objdetect.dylib in Frameworks */,
				853544872069ECD000C4C70E /* libopencv_imgproc.3.4.1.dylib in Frameworks */,
				853544392069ECD000C4C70E /* libopencv_videoio.3.4.dylib in Frameworks */,
				853544442069ECD000C4C70E /* libopencv_ximgproc.3.4.1.dylib in Frameworks */,
				8535442E2069ECD000C4C70E /* libopencv_flann.dylib in Frameworks */,
				853544772069ECD000C4C70E /* libopencv_rgbd.3.4.1.dylib in Frameworks */,
				853544342069ECD000C4C70E /* libopencv_optflow.dylib in Frameworks */,
				853544902069ECD000C4C70E /* libopencv_ccalib.dylib in Frameworks */,
				853544502069ECD000C4C70E /* libopencv_flann.3.4.1.dylib in Frameworks */,
				853544662069ECD000C4C70E /* libopencv_rgbd.3.4.dylib in Frameworks */,
				853544542069ECD000C4C70E /* libopencv_datasets.dylib in Frameworks */,
				8535447E2069ECD000C4C70E /* libopencv_stitching.3.4.dylib in Frameworks */,
				8535449D2069ECD000C4C70E /* libopencv_fuzzy.3.4.1.dylib in Frameworks */,
				853544522069ECD000C4C70E /* libopencv_xphoto.3.4.dylib in Frameworks */,
				853544372069ECD000C4C70E /* libopencv_dnn_objdetect.dylib in Frameworks */,
				853544582069ECD000C4C70E /* libopencv_surface_matching.dylib in Frameworks */,
				8535449B2069ECD000C4C70E /* libopencv_hfs.3.4.dylib in Frameworks */,
				853544592069ECD000C4C70E /* libopencv_img_hash.dylib in Frameworks */,
				853544432069ECD000C4C70E /* libopencv_surface_matching.3.4.dylib in Frameworks */,
				8535442C2069ECD000C4C70E /* libopencv_superres.3.4.dylib in Frameworks */,
				853544312069ECD000C4C70E /* libopencv_features2d.3.4.1.dylib in Frameworks */,
				8535446A2069ECD000C4C70E /* libopencv_photo.3.4.dylib in Frameworks */,
				853544952069ECD000C4C70E /* libopencv_ml.dylib in Frameworks */,
				853544682069ECD000C4C70E /* libopencv_surface_matching.3.4.1.dylib in Frameworks */,
				853544862069ECD000C4C70E /* libopencv_structured_light.dylib in Frameworks */,
				853544652069ECD000C4C70E /* libopencv_core.3.4.1.dylib in Frameworks */,
				853544812069ECD000C4C70E /* libopencv_videoio.3.4.1.dylib in Frameworks */,
				853544332069ECD000C4C70E /* libopencv_face.dylib in Frameworks */,
				853544282069ECD000C4C70E /* libopencv_features2d.dylib in Frameworks */,
				853544732069ECD000C4C70E /* libopencv_photo.dylib in Frameworks */,
				8535446F2069ECD000C4C70E /* libopencv_dnn.dylib in Frameworks */,
				8535448F2069ECD000C4C70E /* libopencv_line_descriptor.dylib in Frameworks */,
				8535444A2069ECD000C4C70E /* libopencv_line_descriptor.3.4.1.dylib in Frameworks */,
				853544742069ECD000C4C70E /* libopencv_imgcodecs.3.4.1.dylib in Frameworks */,
				8535442B2069ECD000C4C70E /* libopencv_hfs.3.4.1.dylib in Frameworks */,
				853544482069ECD000C4C70E /* libopencv_video.dylib in Frameworks */,
				8535442A2069ECD000C4C70E /* libopencv_xfeatures2d.3.4.dylib in Frameworks */,
				853544572069ECD000C4C70E /* libopencv_fuzzy.dylib in Frameworks */,
				8535447C2069ECD000C4C70E /* libopencv_optflow.3.4.1.dylib in Frameworks */,
				8535444E2069ECD000C4C70E /* libopencv_aruco.3.4.1.dylib in Frameworks */,
				8535449A2069ECD000C4C70E /* libopencv_core.dylib in Frameworks */,
				853544462069ECD000C4C70E /* libopencv_reg.3.4.1.dylib in Frameworks */,
				853544702069ECD000C4C70E /* libopencv_dpm.3.4.1.dylib in Frameworks */,
				853544882069ECD000C4C70E /* libopencv_img_hash.3.4.dylib in Frameworks */,
				853544962069ECD000C4C70E /* libopencv_videostab.3.4.dylib in Frameworks */,
				853544A42069ECD000C4C70E /* libopencv_plot.3.4.1.dylib in Frameworks */,
				853544362069ECD000C4C70E /* libopencv_plot.3.4.dylib in Frameworks */,
				853544422069ECD000C4C70E /* libopencv_calib3d.3.4.1.dylib in Frameworks */,
				8535445B2069ECD000C4C70E /* libopencv_ccalib.3.4.dylib in Frameworks */,
				853544A62069ECD000C4C70E /* libopencv_core.3.4.dylib in Frameworks */,
				853544402069ECD000C4C70E /* libopencv_ml.3.4.dylib in Frameworks */,
				8535448E2069ECD000C4C70E /* libopencv_bgsegm.dylib in Frameworks */,
				853544532069ECD000C4C70E /* libopencv_calib3d.3.4.dylib in Frameworks */,
				853544782069ECD000C4C70E /* libopencv_flann.3.4.dylib in Frameworks */,
				8535448C2069ECD000C4C70E /* libopencv_phase_unwrapping.dylib in Frameworks */,
				853544722069ECD000C4C70E /* libopencv_img_hash.3.4.1.dylib in Frameworks */,
				8535447F2069ECD000C4C70E /* libopencv_shape.dylib in Frameworks */,
				8535444D2069ECD000C4C70E /* libopencv_face.3.4.1.dylib in Frameworks */,
				8535442D2069ECD000C4C70E /* libopencv_fuzzy.3.4.dylib in Frameworks */,
				853544A12069ECD000C4C70E /* libopencv_ximgproc.dylib in Frameworks */,
				853544992069ECD000C4C70E /* libopencv_xphoto.dylib in Frameworks */,
				853544492069ECD000C4C70E /* libopencv_superres.3.4.1.dylib in Frameworks */,
				8535443E2069ECD000C4C70E /* libopencv_face.3.4.dylib in Frameworks */,
				853544A02069ECD000C4C70E /* libopencv_xphoto.3.4.1.dylib in Frameworks */,
				853544802069ECD000C4C70E /* libopencv_structured_light.3.4.1.dylib in Frameworks */,
				8535445F2069ECD000C4C70E /* libopencv_videoio.dylib in Frameworks */,
				8535446C2069ECD000C4C70E /* libopencv_plot.dylib in Frameworks */,
				853544552069ECD000C4C70E /* libopencv_line_descriptor.3.4.dylib in Frameworks */,
				853544A82069ECD000C4C70E /* libopencv_xfeatures2d.dylib in Frameworks */,
				853544512069ECD000C4C70E /* libopencv_objdetect.3.4.1.dylib in Frameworks */,
				853544322069ECD000C4C70E /* libopencv_objdetect.3.4.dylib in Frameworks */,
				853544302069ECD000C4C70E /* libopencv_highgui.3.4.dylib in Frameworks */,
				8535448D2069ECD000C4C70E /* libopencv_features2d.3.4.dylib in Frameworks */,
				853544262069ECD000C4C70E /* libopencv_videostab.3.4.1.dylib in Frameworks */,
				853544922069ECD000C4C70E /* libopencv_imgproc.3.4.dylib in Frameworks */,
				853544382069ECD000C4C70E /* libopencv_text.3.4.dylib in Frameworks */,
				853544712069ECD000C4C70E /* libopencv_bioinspired.dylib in Frameworks */,
				853544472069ECD000C4C70E /* libopencv_tracking.3.4.1.dylib in Frameworks */,
				8535445C2069ECD000C4C70E /* libopencv_highgui.dylib in Frameworks */,
				853544672069ECD000C4C70E /* libopencv_hfs.dylib in Frameworks */,
				853544982069ECD000C4C70E /* libopencv_highgui.3.4.1.dylib in Frameworks */,
			);
			runOnlyForDeploymentPostprocessing = 0;
		};
/* End PBXFrameworksBuildPhase section */

/* Begin PBXGroup section */
		856DF06C2069E4650027016D = {
			isa = PBXGroup;
			children = (
				856DF0772069E4650027016D /* Test_Opencv */,
				856DF0762069E4650027016D /* Products */,
			);
			sourceTree = "<group>";
		};
		856DF0762069E4650027016D /* Products */ = {
			isa = PBXGroup;
			children = (
				856DF0752069E4650027016D /* Test_Opencv */,
			);
			name = Products;
			sourceTree = "<group>";
		};
		856DF0772069E4650027016D /* Test_Opencv */ = {
			isa = PBXGroup;
			children = (
				856DF0832069E9210027016D /* TestOpencv */,
			);
			path = Test_Opencv;
			sourceTree = "<group>";
		};
		856DF0832069E9210027016D /* TestOpencv */ = {
			isa = PBXGroup;
			children = (
				856DF0782069E4650027016D /* main.cpp */,
				853544A9206A4D2000C4C70E /* timg.jpeg */,
				853543CA2069ECC800C4C70E /* libopencv_aruco.3.4.1.dylib */,
				853544132069ECCF00C4C70E /* libopencv_aruco.3.4.dylib */,
				853543FF2069ECCD00C4C70E /* libopencv_aruco.dylib */,
				853544102069ECCE00C4C70E /* libopencv_bgsegm.3.4.1.dylib */,
				853544212069ECD000C4C70E /* libopencv_bgsegm.3.4.dylib */,
				8535440A2069ECCE00C4C70E /* libopencv_bgsegm.dylib */,
				853543E92069ECCA00C4C70E /* libopencv_bioinspired.3.4.1.dylib */,
				8535441E2069ECCF00C4C70E /* libopencv_bioinspired.3.4.dylib */,
				853543ED2069ECCA00C4C70E /* libopencv_bioinspired.dylib */,
				853543BE2069ECC700C4C70E /* libopencv_calib3d.3.4.1.dylib */,
				853543CF2069ECC800C4C70E /* libopencv_calib3d.3.4.dylib */,
				853543DC2069ECC900C4C70E /* libopencv_calib3d.dylib */,
				853543A52069ECC500C4C70E /* libopencv_ccalib.3.4.1.dylib */,
				853543D72069ECC900C4C70E /* libopencv_ccalib.3.4.dylib */,
				8535440C2069ECCE00C4C70E /* libopencv_ccalib.dylib */,
				853543E12069ECC900C4C70E /* libopencv_core.3.4.1.dylib */,
				853544222069ECD000C4C70E /* libopencv_core.3.4.dylib */,
				853544162069ECCF00C4C70E /* libopencv_core.dylib */,
				853543DA2069ECC900C4C70E /* libopencv_datasets.3.4.1.dylib */,
				853543D22069ECC800C4C70E /* libopencv_datasets.3.4.dylib */,
				853543D02069ECC800C4C70E /* libopencv_datasets.dylib */,
				853543CB2069ECC800C4C70E /* libopencv_dnn_objdetect.3.4.1.dylib */,
				853544072069ECCD00C4C70E /* libopencv_dnn_objdetect.3.4.dylib */,
				853543B32069ECC600C4C70E /* libopencv_dnn_objdetect.dylib */,
				853543E72069ECCA00C4C70E /* libopencv_dnn.3.4.1.dylib */,
				853543C82069ECC700C4C70E /* libopencv_dnn.3.4.dylib */,
				853543EB2069ECCA00C4C70E /* libopencv_dnn.dylib */,
				853543EC2069ECCA00C4C70E /* libopencv_dpm.3.4.1.dylib */,
				853544002069ECCD00C4C70E /* libopencv_dpm.3.4.dylib */,
				853544052069ECCD00C4C70E /* libopencv_dpm.dylib */,
				853543C92069ECC800C4C70E /* libopencv_face.3.4.1.dylib */,
				853543BA2069ECC600C4C70E /* libopencv_face.3.4.dylib */,
				853543AF2069ECC500C4C70E /* libopencv_face.dylib */,
				853543AD2069ECC500C4C70E /* libopencv_features2d.3.4.1.dylib */,
				853544092069ECCE00C4C70E /* libopencv_features2d.3.4.dylib */,
				853543A42069ECC500C4C70E /* libopencv_features2d.dylib */,
				853543CC2069ECC800C4C70E /* libopencv_flann.3.4.1.dylib */,
				853543F42069ECCB00C4C70E /* libopencv_flann.3.4.dylib */,
				853543AA2069ECC500C4C70E /* libopencv_flann.dylib */,
				853544192069ECCF00C4C70E /* libopencv_fuzzy.3.4.1.dylib */,
				853543A92069ECC500C4C70E /* libopencv_fuzzy.3.4.dylib */,
				853543D32069ECC800C4C70E /* libopencv_fuzzy.dylib */,
				853543A72069ECC500C4C70E /* libopencv_hfs.3.4.1.dylib */,
				853544172069ECCF00C4C70E /* libopencv_hfs.3.4.dylib */,
				853543E32069ECC900C4C70E /* libopencv_hfs.dylib */,
				853544142069ECCF00C4C70E /* libopencv_highgui.3.4.1.dylib */,
				853543AC2069ECC500C4C70E /* libopencv_highgui.3.4.dylib */,
				853543D82069ECC900C4C70E /* libopencv_highgui.dylib */,
				853543EE2069ECCA00C4C70E /* libopencv_img_hash.3.4.1.dylib */,
				853544042069ECCD00C4C70E /* libopencv_img_hash.3.4.dylib */,
				853543D52069ECC800C4C70E /* libopencv_img_hash.dylib */,
				853543F02069ECCA00C4C70E /* libopencv_imgcodecs.3.4.1.dylib */,
				853543D92069ECC900C4C70E /* libopencv_imgcodecs.3.4.dylib */,
				853543E52069ECCA00C4C70E /* libopencv_imgcodecs.dylib */,
				853544032069ECCD00C4C70E /* libopencv_imgproc.3.4.1.dylib */,
				8535440E2069ECCE00C4C70E /* libopencv_imgproc.3.4.dylib */,
				853543B82069ECC600C4C70E /* libopencv_imgproc.dylib */,
				853543C62069ECC700C4C70E /* libopencv_line_descriptor.3.4.1.dylib */,
				853543D12069ECC800C4C70E /* libopencv_line_descriptor.3.4.dylib */,
				8535440B2069ECCE00C4C70E /* libopencv_line_descriptor.dylib */,
				853543B72069ECC600C4C70E /* libopencv_ml.3.4.1.dylib */,
				853543BC2069ECC600C4C70E /* libopencv_ml.3.4.dylib */,
				853544112069ECCE00C4C70E /* libopencv_ml.dylib */,
				853543CD2069ECC800C4C70E /* libopencv_objdetect.3.4.1.dylib */,
				853543AE2069ECC500C4C70E /* libopencv_objdetect.3.4.dylib */,
				853543F52069ECCB00C4C70E /* libopencv_objdetect.dylib */,
				853543F82069ECCB00C4C70E /* libopencv_optflow.3.4.1.dylib */,
				853543B12069ECC500C4C70E /* libopencv_optflow.3.4.dylib */,
				853543B02069ECC500C4C70E /* libopencv_optflow.dylib */,
				853544232069ECD000C4C70E /* libopencv_phase_unwrapping.3.4.1.dylib */,
				8535440F2069ECCE00C4C70E /* libopencv_phase_unwrapping.3.4.dylib */,
				853544082069ECCD00C4C70E /* libopencv_phase_unwrapping.dylib */,
				853543DE2069ECC900C4C70E /* libopencv_photo.3.4.1.dylib */,
				853543E62069ECCA00C4C70E /* libopencv_photo.3.4.dylib */,
				853543EF2069ECCA00C4C70E /* libopencv_photo.dylib */,
				853544202069ECD000C4C70E /* libopencv_plot.3.4.1.dylib */,
				853543B22069ECC600C4C70E /* libopencv_plot.3.4.dylib */,
				853543E82069ECCA00C4C70E /* libopencv_plot.dylib */,
				853543C22069ECC700C4C70E /* libopencv_reg.3.4.1.dylib */,
				853543F12069ECCA00C4C70E /* libopencv_reg.3.4.dylib */,
				853543DF2069ECC900C4C70E /* libopencv_reg.dylib */,
				853543F32069ECCB00C4C70E /* libopencv_rgbd.3.4.1.dylib */,
				853543E22069ECC900C4C70E /* libopencv_rgbd.3.4.dylib */,
				853544182069ECCF00C4C70E /* libopencv_rgbd.dylib */,
				853543F92069ECCB00C4C70E /* libopencv_saliency.3.4.1.dylib */,
				853543F62069ECCB00C4C70E /* libopencv_saliency.3.4.dylib */,
				8535441B2069ECCF00C4C70E /* libopencv_saliency.dylib */,
				8535441F2069ECD000C4C70E /* libopencv_shape.3.4.1.dylib */,
				853543A32069ECC500C4C70E /* libopencv_shape.3.4.dylib */,
				853543FB2069ECCC00C4C70E /* libopencv_shape.dylib */,
				853543EA2069ECCA00C4C70E /* libopencv_stereo.3.4.1.dylib */,
				853543C72069ECC700C4C70E /* libopencv_stereo.3.4.dylib */,
				853544062069ECCD00C4C70E /* libopencv_stereo.dylib */,
				853543C12069ECC700C4C70E /* libopencv_stitching.3.4.1.dylib */,
				853543FA2069ECCB00C4C70E /* libopencv_stitching.3.4.dylib */,
				853543E02069ECC900C4C70E /* libopencv_stitching.dylib */,
				853543FC2069ECCC00C4C70E /* libopencv_structured_light.3.4.1.dylib */,
				853544012069ECCD00C4C70E /* libopencv_structured_light.3.4.dylib */,
				853544022069ECCD00C4C70E /* libopencv_structured_light.dylib */,
				853543C52069ECC700C4C70E /* libopencv_superres.3.4.1.dylib */,
				853543A82069ECC500C4C70E /* libopencv_superres.3.4.dylib */,
				853543BB2069ECC600C4C70E /* libopencv_superres.dylib */,
				853543E42069ECC900C4C70E /* libopencv_surface_matching.3.4.1.dylib */,
				853543BF2069ECC700C4C70E /* libopencv_surface_matching.3.4.dylib */,
				853543D42069ECC800C4C70E /* libopencv_surface_matching.dylib */,
				8535440D2069ECCE00C4C70E /* libopencv_text.3.4.1.dylib */,
				853543B42069ECC600C4C70E /* libopencv_text.3.4.dylib */,
				853543DD2069ECC900C4C70E /* libopencv_text.dylib */,
				853543C32069ECC700C4C70E /* libopencv_tracking.3.4.1.dylib */,
				853543BD2069ECC700C4C70E /* libopencv_tracking.3.4.dylib */,
				853543B92069ECC600C4C70E /* libopencv_tracking.dylib */,
				853543AB2069ECC500C4C70E /* libopencv_video.3.4.1.dylib */,
				853543FE2069ECCC00C4C70E /* libopencv_video.3.4.dylib */,
				853543C42069ECC700C4C70E /* libopencv_video.dylib */,
				853543FD2069ECCC00C4C70E /* libopencv_videoio.3.4.1.dylib */,
				853543B52069ECC600C4C70E /* libopencv_videoio.3.4.dylib */,
				853543DB2069ECC900C4C70E /* libopencv_videoio.dylib */,
				853543A22069ECC500C4C70E /* libopencv_videostab.3.4.1.dylib */,
				853544122069ECCE00C4C70E /* libopencv_videostab.3.4.dylib */,
				853543B62069ECC600C4C70E /* libopencv_videostab.dylib */,
				853543F72069ECCB00C4C70E /* libopencv_xfeatures2d.3.4.1.dylib */,
				853543A62069ECC500C4C70E /* libopencv_xfeatures2d.3.4.dylib */,
				853544242069ECD000C4C70E /* libopencv_xfeatures2d.dylib */,
				853543C02069ECC700C4C70E /* libopencv_ximgproc.3.4.1.dylib */,
				853543A12069ECC500C4C70E /* libopencv_ximgproc.3.4.dylib */,
				8535441D2069ECCF00C4C70E /* libopencv_ximgproc.dylib */,
				853543D62069ECC800C4C70E /* libopencv_xobjdetect.3.4.1.dylib */,
				853543F22069ECCA00C4C70E /* libopencv_xobjdetect.3.4.dylib */,
				8535441A2069ECCF00C4C70E /* libopencv_xobjdetect.dylib */,
				8535441C2069ECCF00C4C70E /* libopencv_xphoto.3.4.1.dylib */,
				853543CE2069ECC800C4C70E /* libopencv_xphoto.3.4.dylib */,
				853544152069ECCF00C4C70E /* libopencv_xphoto.dylib */,
			);
			path = TestOpencv;
			sourceTree = "<group>";
		};
/* End PBXGroup section */

/* Begin PBXNativeTarget section */
		856DF0742069E4650027016D /* Test_Opencv */ = {
			isa = PBXNativeTarget;
			buildConfigurationList = 856DF07C2069E4650027016D /* Build configuration list for PBXNativeTarget "Test_Opencv" */;
			buildPhases = (
				856DF0712069E4650027016D /* Sources */,
				856DF0722069E4650027016D /* Frameworks */,
				856DF0732069E4650027016D /* CopyFiles */,
			);
			buildRules = (
			);
			dependencies = (
			);
			name = Test_Opencv;
			productName = Test_Opencv;
			productReference = 856DF0752069E4650027016D /* Test_Opencv */;
			productType = "com.apple.product-type.tool";
		};
/* End PBXNativeTarget section */

/* Begin PBXProject section */
		856DF06D2069E4650027016D /* Project object */ = {
			isa = PBXProject;
			attributes = {
				LastUpgradeCheck = 0920;
				ORGANIZATIONNAME = "郭杰";
				TargetAttributes = {
					856DF0742069E4650027016D = {
						CreatedOnToolsVersion = 9.2;
						ProvisioningStyle = Automatic;
					};
				};
			};
			buildConfigurationList = 856DF0702069E4650027016D /* Build configuration list for PBXProject "Test_Opencv" */;
			compatibilityVersion = "Xcode 8.0";
			developmentRegion = en;
			hasScannedForEncodings = 0;
			knownRegions = (
				en,
			);
			mainGroup = 856DF06C2069E4650027016D;
			productRefGroup = 856DF0762069E4650027016D /* Products */;
			projectDirPath = "";
			projectRoot = "";
			targets = (
				856DF0742069E4650027016D /* Test_Opencv */,
			);
		};
/* End PBXProject section */

/* Begin PBXSourcesBuildPhase section */
		856DF0712069E4650027016D /* Sources */ = {
			isa = PBXSourcesBuildPhase;
			buildActionMask = 2147483647;
			files = (
				856DF0792069E4650027016D /* main.cpp in Sources */,
			);
			runOnlyForDeploymentPostprocessing = 0;
		};
/* End PBXSourcesBuildPhase section */

/* Begin XCBuildConfiguration section */
		856DF07A2069E4650027016D /* Debug */ = {
			isa = XCBuildConfiguration;
			buildSettings = {
				ALWAYS_SEARCH_USER_PATHS = NO;
				CLANG_ANALYZER_NONNULL = YES;
				CLANG_ANALYZER_NUMBER_OBJECT_CONVERSION = YES_AGGRESSIVE;
				CLANG_CXX_LANGUAGE_STANDARD = "gnu++14";
				CLANG_CXX_LIBRARY = "libc++";
				CLANG_ENABLE_MODULES = YES;
				CLANG_ENABLE_OBJC_ARC = YES;
				CLANG_WARN_BLOCK_CAPTURE_AUTORELEASING = YES;
				CLANG_WARN_BOOL_CONVERSION = YES;
				CLANG_WARN_COMMA = YES;
				CLANG_WARN_CONSTANT_CONVERSION = YES;
				CLANG_WARN_DIRECT_OBJC_ISA_USAGE = YES_ERROR;
				CLANG_WARN_DOCUMENTATION_COMMENTS = YES;
				CLANG_WARN_EMPTY_BODY = YES;
				CLANG_WARN_ENUM_CONVERSION = YES;
				CLANG_WARN_INFINITE_RECURSION = YES;
				CLANG_WARN_INT_CONVERSION = YES;
				CLANG_WARN_NON_LITERAL_NULL_CONVERSION = YES;
				CLANG_WARN_OBJC_LITERAL_CONVERSION = YES;
				CLANG_WARN_OBJC_ROOT_CLASS = YES_ERROR;
				CLANG_WARN_RANGE_LOOP_ANALYSIS = YES;
				CLANG_WARN_STRICT_PROTOTYPES = YES;
				CLANG_WARN_SUSPICIOUS_MOVE = YES;
				CLANG_WARN_UNGUARDED_AVAILABILITY = YES_AGGRESSIVE;
				CLANG_WARN_UNREACHABLE_CODE = YES;
				CLANG_WARN__DUPLICATE_METHOD_MATCH = YES;
				CODE_SIGN_IDENTITY = "-";
				COPY_PHASE_STRIP = NO;
				DEBUG_INFORMATION_FORMAT = dwarf;
				ENABLE_STRICT_OBJC_MSGSEND = YES;
				ENABLE_TESTABILITY = YES;
				GCC_C_LANGUAGE_STANDARD = gnu11;
				GCC_DYNAMIC_NO_PIC = NO;
				GCC_NO_COMMON_BLOCKS = YES;
				GCC_OPTIMIZATION_LEVEL = 0;
				GCC_PREPROCESSOR_DEFINITIONS = (
					"DEBUG=1",
					"$(inherited)",
				);
				GCC_WARN_64_TO_32_BIT_CONVERSION = YES;
				GCC_WARN_ABOUT_RETURN_TYPE = YES_ERROR;
				GCC_WARN_UNDECLARED_SELECTOR = YES;
				GCC_WARN_UNINITIALIZED_AUTOS = YES_AGGRESSIVE;
				GCC_WARN_UNUSED_FUNCTION = YES;
				GCC_WARN_UNUSED_VARIABLE = YES;
				MACOSX_DEPLOYMENT_TARGET = 10.13;
				MTL_ENABLE_DEBUG_INFO = YES;
				ONLY_ACTIVE_ARCH = YES;
				SDKROOT = macosx;
			};
			name = Debug;
		};
		856DF07B2069E4650027016D /* Release */ = {
			isa = XCBuildConfiguration;
			buildSettings = {
				ALWAYS_SEARCH_USER_PATHS = NO;
				CLANG_ANALYZER_NONNULL = YES;
				CLANG_ANALYZER_NUMBER_OBJECT_CONVERSION = YES_AGGRESSIVE;
				CLANG_CXX_LANGUAGE_STANDARD = "gnu++14";
				CLANG_CXX_LIBRARY = "libc++";
				CLANG_ENABLE_MODULES = YES;
				CLANG_ENABLE_OBJC_ARC = YES;
				CLANG_WARN_BLOCK_CAPTURE_AUTORELEASING = YES;
				CLANG_WARN_BOOL_CONVERSION = YES;
				CLANG_WARN_COMMA = YES;
				CLANG_WARN_CONSTANT_CONVERSION = YES;
				CLANG_WARN_DIRECT_OBJC_ISA_USAGE = YES_ERROR;
				CLANG_WARN_DOCUMENTATION_COMMENTS = YES;
				CLANG_WARN_EMPTY_BODY = YES;
				CLANG_WARN_ENUM_CONVERSION = YES;
				CLANG_WARN_INFINITE_RECURSION = YES;
				CLANG_WARN_INT_CONVERSION = YES;
				CLANG_WARN_NON_LITERAL_NULL_CONVERSION = YES;
				CLANG_WARN_OBJC_LITERAL_CONVERSION = YES;
				CLANG_WARN_OBJC_ROOT_CLASS = YES_ERROR;
				CLANG_WARN_RANGE_LOOP_ANALYSIS = YES;
				CLANG_WARN_STRICT_PROTOTYPES = YES;
				CLANG_WARN_SUSPICIOUS_MOVE = YES;
				CLANG_WARN_UNGUARDED_AVAILABILITY = YES_AGGRESSIVE;
				CLANG_WARN_UNREACHABLE_CODE = YES;
				CLANG_WARN__DUPLICATE_METHOD_MATCH = YES;
				CODE_SIGN_IDENTITY = "-";
				COPY_PHASE_STRIP = NO;
				DEBUG_INFORMATION_FORMAT = "dwarf-with-dsym";
				ENABLE_NS_ASSERTIONS = NO;
				ENABLE_STRICT_OBJC_MSGSEND = YES;
				GCC_C_LANGUAGE_STANDARD = gnu11;
				GCC_NO_COMMON_BLOCKS = YES;
				GCC_WARN_64_TO_32_BIT_CONVERSION = YES;
				GCC_WARN_ABOUT_RETURN_TYPE = YES_ERROR;
				GCC_WARN_UNDECLARED_SELECTOR = YES;
				GCC_WARN_UNINITIALIZED_AUTOS = YES_AGGRESSIVE;
				GCC_WARN_UNUSED_FUNCTION = YES;
				GCC_WARN_UNUSED_VARIABLE = YES;
				MACOSX_DEPLOYMENT_TARGET = 10.13;
				MTL_ENABLE_DEBUG_INFO = NO;
				SDKROOT = macosx;
			};
			name = Release;
		};
		856DF07D2069E4650027016D /* Debug */ = {
			isa = XCBuildConfiguration;
			buildSettings = {
				CODE_SIGN_STYLE = Automatic;
				HEADER_SEARCH_PATHS = /usr/local/Cellar/opencv/3.4.1_2/include;
				LIBRARY_SEARCH_PATHS = /usr/local/Cellar/opencv/3.4.1_2/lib;
				PRODUCT_NAME = "$(TARGET_NAME)";
			};
			name = Debug;
		};
		856DF07E2069E4650027016D /* Release */ = {
			isa = XCBuildConfiguration;
			buildSettings = {
				CODE_SIGN_STYLE = Automatic;
				HEADER_SEARCH_PATHS = /usr/local/Cellar/opencv/3.4.1_2/include;
				LIBRARY_SEARCH_PATHS = /usr/local/Cellar/opencv/3.4.1_2/lib;
				PRODUCT_NAME = "$(TARGET_NAME)";
			};
			name = Release;
		};
/* End XCBuildConfiguration section */

/* Begin XCConfigurationList section */
		856DF0702069E4650027016D /* Build configuration list for PBXProject "Test_Opencv" */ = {
			isa = XCConfigurationList;
			buildConfigurations = (
				856DF07A2069E4650027016D /* Debug */,
				856DF07B2069E4650027016D /* Release */,
			);
			defaultConfigurationIsVisible = 0;
			defaultConfigurationName = Release;
		};
		856DF07C2069E4650027016D /* Build configuration list for PBXNativeTarget "Test_Opencv" */ = {
			isa = XCConfigurationList;
			buildConfigurations = (
				856DF07D2069E4650027016D /* Debug */,
				856DF07E2069E4650027016D /* Release */,
			);
			defaultConfigurationIsVisible = 0;
			defaultConfigurationName = Release;
		};
/* End XCConfigurationList section */
	};
	rootObject = 856DF06D2069E4650027016D /* Project object */;
}
